// !$*UTF8*$!
{
	archiveVersion = 1;
	classes = {
	};
	objectVersion = 77;
	objects = {

/* Begin PBXBuildFile section */
		019A3071CF80B3A4AD521089 /* FetchClassificationTagsUseCase.swift in Sources */ = {isa = PBXBuildFile; fileRef = A3CB206D2201A77B7F3D3E4B /* FetchClassificationTagsUseCase.swift */; };
		05AEA1CC8A531A693B9D52B8 /* ClassificationDimensionRail.swift in Sources */ = {isa = PBXBuildFile; fileRef = 3F30D0C0DF3748C7547F1D95 /* ClassificationDimensionRail.swift */; };
		088AB23648F38FD150DEAEA1 /* DramaDTO.swift in Sources */ = {isa = PBXBuildFile; fileRef = FB3FB4D945EB2BEACB8CA72D /* DramaDTO.swift */; };
		123D8AE714A472FB0530ABA2 /* QuickEntryGrid.swift in Sources */ = {isa = PBXBuildFile; fileRef = 38176A8005AA04186549FD60 /* QuickEntryGrid.swift */; };
		125A62330A9F940289473090 /* SearchHomeViewModelTests.swift in Sources */ = {isa = PBXBuildFile; fileRef = BD15978E13DCB1043F2BAF45 /* SearchHomeViewModelTests.swift */; };
		1386998872F92498026B96F5 /* DeeplinkHandler.swift in Sources */ = {isa = PBXBuildFile; fileRef = 49B4912E196246343FE36873 /* DeeplinkHandler.swift */; };
		19A19097CC43AD73C5084D44 /* SearchDramasUseCase.swift in Sources */ = {isa = PBXBuildFile; fileRef = AA9FC02E65C6E99AD28363BC /* SearchDramasUseCase.swift */; };
		19B5426AF7BDBB0D84B2AF84 /* SearchResultViewModelTests.swift in Sources */ = {isa = PBXBuildFile; fileRef = 8DBFA0911822977EA1AC41DD /* SearchResultViewModelTests.swift */; };
		1F7B5E61663CFFC793E05636 /* ClassificationHomeView.swift in Sources */ = {isa = PBXBuildFile; fileRef = 5348B030513B029CDF7592CD /* ClassificationHomeView.swift */; };
		23B213CDFCD2B692BF142618 /* ClearSearchHistoryUseCase.swift in Sources */ = {isa = PBXBuildFile; fileRef = B93BE1E1A3798407127DC7FA /* ClearSearchHistoryUseCase.swift */; };
		248251D71CE27C5D31C4D846 /* SearchResultView.swift in Sources */ = {isa = PBXBuildFile; fileRef = 8AE1F45DC3A49E5115725610 /* SearchResultView.swift */; };
		265775812D9932F0FAA068DF /* FetchDramasUseCase.swift in Sources */ = {isa = PBXBuildFile; fileRef = 0A2D817CAB11819EF49DB1AF /* FetchDramasUseCase.swift */; };
		280C646A6E918DDFA8FE0776 /* AppTab.swift in Sources */ = {isa = PBXBuildFile; fileRef = C24632A9074239EB7F34980B /* AppTab.swift */; };
		29EDDC47E5D86FFE4F8591BE /* ClassificationDimension.swift in Sources */ = {isa = PBXBuildFile; fileRef = FF266C1790D0DF790C547E51 /* ClassificationDimension.swift */; };
		2A24E11176FCE195EDECA362 /* HomeView.swift in Sources */ = {isa = PBXBuildFile; fileRef = 0E9AB69441F3FE4F9621454C /* HomeView.swift */; };
		2FB8C53A67DDCCD6D04AE532 /* APIEndpoint.swift in Sources */ = {isa = PBXBuildFile; fileRef = 7E8A7CAF55CB99F42EC09BF0 /* APIEndpoint.swift */; };
		30BEA8E6E0D057F4E6EDB377 /* DramaRepository.swift in Sources */ = {isa = PBXBuildFile; fileRef = 55AEE83531A2526B0E2DC314 /* DramaRepository.swift */; };
		33F0D571812BCC860B0F4B5B /* BookDramaResponseDTO.swift in Sources */ = {isa = PBXBuildFile; fileRef = 5372B132B3E68C2174C902B1 /* BookDramaResponseDTO.swift */; };
		3A67F9087AF2205BF6B4F77F /* ClassificationTagsResponseDTO.swift in Sources */ = {isa = PBXBuildFile; fileRef = 50E639F947C5BD1DCFF6153C /* ClassificationTagsResponseDTO.swift */; };
		43567AC515414CF5C10B64C5 /* HotSearchSection.swift in Sources */ = {isa = PBXBuildFile; fileRef = B5E5B9F75016A510EA97B0CB /* HotSearchSection.swift */; };
		445E7AFBB313A2DB8B2C4089 /* RankingViewModelTests.swift in Sources */ = {isa = PBXBuildFile; fileRef = A06CA5570703E00706A30373 /* RankingViewModelTests.swift */; };
		449522905446D7AF150F837E /* QuickEntry.swift in Sources */ = {isa = PBXBuildFile; fileRef = 6A1811111B8E8CBC095CC404 /* QuickEntry.swift */; };
		464D9AA51F0DEE2D53809E78 /* MockDramaRepository.swift in Sources */ = {isa = PBXBuildFile; fileRef = 1CEC02DD2096A9474FE6A5B4 /* MockDramaRepository.swift */; };
		49372AC3870DDBD1C7484696 /* ClassificationTagChip.swift in Sources */ = {isa = PBXBuildFile; fileRef = A1C7522C8100006836500702 /* ClassificationTagChip.swift */; };
		4ADAAA16B24510C87759B380 /* HotSearchDTO.swift in Sources */ = {isa = PBXBuildFile; fileRef = 3C46E7CA37973ED6F6A29DA9 /* HotSearchDTO.swift */; };
		4B90EFBDEE00D1F5D509D596 /* LoadSearchHistoryUseCase.swift in Sources */ = {isa = PBXBuildFile; fileRef = C5ABAD3BFCA4F4712265C1CB /* LoadSearchHistoryUseCase.swift */; };
		4E530F12F0F3FF51045F2F2F /* AppConfig.swift in Sources */ = {isa = PBXBuildFile; fileRef = 40F5FB6EDAFAA733EBFFCFAE /* AppConfig.swift */; };
		4E7D067FC542B25BB5854A03 /* SaveSearchHistoryUseCase.swift in Sources */ = {isa = PBXBuildFile; fileRef = AF214510D36EDC62BC8B33D2 /* SaveSearchHistoryUseCase.swift */; };
		50CF4B0EA8AC1A08E204BD16 /* HomeViewModelTests.swift in Sources */ = {isa = PBXBuildFile; fileRef = 6B603923ABCD5E312FA3ABA7 /* HomeViewModelTests.swift */; };
		5293C06667B0676A8D988145 /* BookDramaUseCase.swift in Sources */ = {isa = PBXBuildFile; fileRef = 93A924D382A71E13DA8F14FC /* BookDramaUseCase.swift */; };
		52D455263E56FC3DF29703A0 /* UserDefaultsSearchHistoryRepository.swift in Sources */ = {isa = PBXBuildFile; fileRef = 1E85F397906C0816D73632C9 /* UserDefaultsSearchHistoryRepository.swift */; };
		5628489A1BA9545C7FA85750 /* ClassificationGenderTabBar.swift in Sources */ = {isa = PBXBuildFile; fileRef = FB9E1C3A8B7D1E758D2F4125 /* ClassificationGenderTabBar.swift */; };
		574D1F5888F3D2C0135998FF /* APIErrorTests.swift in Sources */ = {isa = PBXBuildFile; fileRef = BE01D9F8E8DCDB672BBE840C /* APIErrorTests.swift */; };
		59376C417E446F16B0C2008E /* APIError.swift in Sources */ = {isa = PBXBuildFile; fileRef = 3D64D5CAB341E1CD6EB762AE /* APIError.swift */; };
		5B1F6F45184D121D9A1A8D5B /* DramaDetailView.swift in Sources */ = {isa = PBXBuildFile; fileRef = 52694B07D9609033E73459F7 /* DramaDetailView.swift */; };
		60552E91BC578FB7E4E4DC86 /* PlaceholderTabView.swift in Sources */ = {isa = PBXBuildFile; fileRef = 23F08A8FA21CFD88F69374E1 /* PlaceholderTabView.swift */; };
		6172A2FFD1370C7BDD0F466C /* RankingListResponseDTO.swift in Sources */ = {isa = PBXBuildFile; fileRef = F3910CDC147064BFD9A8584D /* RankingListResponseDTO.swift */; };
		64169BD1EFED18568B4D63B7 /* TabNavigationHostView.swift in Sources */ = {isa = PBXBuildFile; fileRef = 03178F3FD467F6DD9E17A95F /* TabNavigationHostView.swift */; };
		64E76037F3CB388B3D683BAE /* ClassificationStateView.swift in Sources */ = {isa = PBXBuildFile; fileRef = 6507077C1FF8768F5F155728 /* ClassificationStateView.swift */; };
		65B1E1EA85746FD2A628C05E /* DTOMappingTests.swift in Sources */ = {isa = PBXBuildFile; fileRef = 3F324377B3D90BA0C0A91C7F /* DTOMappingTests.swift */; };
		71E60900898DB3909FF1C927 /* RankingListView.swift in Sources */ = {isa = PBXBuildFile; fileRef = 6588D39C9E67C1E758BB22F1 /* RankingListView.swift */; };
		73EBC807E799F4FB7A57B190 /* DramaDetailViewModel.swift in Sources */ = {isa = PBXBuildFile; fileRef = 070F631B3561F1007A8997C7 /* DramaDetailViewModel.swift */; };
		74E008F605B186B2856519D3 /* AppRoute.swift in Sources */ = {isa = PBXBuildFile; fileRef = 73C4337E5FCCD8D0164A9B77 /* AppRoute.swift */; };
		76021A1EDB45B1EBE4549A8F /* PlayerViewModel.swift in Sources */ = {isa = PBXBuildFile; fileRef = 82468013FC371A0EF264F8B0 /* PlayerViewModel.swift */; };
		7CC058E552ADC05B6A4E824A /* SearchHistoryRepositoryProtocol.swift in Sources */ = {isa = PBXBuildFile; fileRef = D13CF7699FF3B4910D6A0E70 /* SearchHistoryRepositoryProtocol.swift */; };
		7E83A2928188A9F4F17060C2 /* ClassificationTagsPayload.swift in Sources */ = {isa = PBXBuildFile; fileRef = A84F14ED4C6E37966539FAA3 /* ClassificationTagsPayload.swift */; };
		80134487520B5A4C5259F4AC /* RankingHomeView.swift in Sources */ = {isa = PBXBuildFile; fileRef = C5466AACBD48581C0A112A1A /* RankingHomeView.swift */; };
		841980F15E0DFE99FAB1FE39 /* SearchHistoryItem.swift in Sources */ = {isa = PBXBuildFile; fileRef = A3194E2B785D9B3CC34ED3BC /* SearchHistoryItem.swift */; };
		85DE60853F8016811741D48E /* RankingBookingButton.swift in Sources */ = {isa = PBXBuildFile; fileRef = 8623D152FAFFF9587FDC4AC4 /* RankingBookingButton.swift */; };
		86B4C1F4C8D25BACE4C6C1E0 /* NavigationRouterTests.swift in Sources */ = {isa = PBXBuildFile; fileRef = E084F9FBA54B4E74BED744C1 /* NavigationRouterTests.swift */; };
		8951BBE361500B86BEB454FE /* RankingStateView.swift in Sources */ = {isa = PBXBuildFile; fileRef = DFD690D7A558CD14E6E64AE2 /* RankingStateView.swift */; };
		897DE36AC9E483A9BE1F4DC5 /* RankingMetricView.swift in Sources */ = {isa = PBXBuildFile; fileRef = 0113C44A97A977BA95989F48 /* RankingMetricView.swift */; };
		8B71372C9384DB3A1D61DFF0 /* SearchHomeView.swift in Sources */ = {isa = PBXBuildFile; fileRef = 855FD4B574FC6506A90B6AE6 /* SearchHomeView.swift */; };
		925AA6C5ED397E5BB9BAA9C1 /* DramaDTOTests.swift in Sources */ = {isa = PBXBuildFile; fileRef = FFCC971A5AE37C44AE55FD13 /* DramaDTOTests.swift */; };
		986D207589F6A6E17B2BF3F4 /* SearchResultViewModel.swift in Sources */ = {isa = PBXBuildFile; fileRef = FD44EC0F5B23406B7CC0E2C2 /* SearchResultViewModel.swift */; };
		98CB956FB1AAE21B4B131EA2 /* NavigationRouter.swift in Sources */ = {isa = PBXBuildFile; fileRef = AF86673F5E81BF29337DCEAE /* NavigationRouter.swift */; };
		9A0988D6821E30F57A9D397F /* RankingDrama.swift in Sources */ = {isa = PBXBuildFile; fileRef = 4183D6EA8A7B8D1BE9695127 /* RankingDrama.swift */; };
		9A633E174DD7DC459906A782 /* PaginationDTO.swift in Sources */ = {isa = PBXBuildFile; fileRef = 25229CC1E78F10B92E6B7F8B /* PaginationDTO.swift */; };
		9B45981185002F898B300701 /* ShortDramaApp.swift in Sources */ = {isa = PBXBuildFile; fileRef = 2D10B465928C809BE023B3AA /* ShortDramaApp.swift */; };
		9DBCB90B2683730D83382585 /* ClassificationViewModel.swift in Sources */ = {isa = PBXBuildFile; fileRef = F40D49C96CE14F031102DDC4 /* ClassificationViewModel.swift */; };
		A5DD3F3169ACBE13B21A7836 /* RankingType.swift in Sources */ = {isa = PBXBuildFile; fileRef = 77E13E7348A0E756F5D51D97 /* RankingType.swift */; };
		A647A9A51D30D7A36C135555 /* ClassificationTagSectionList.swift in Sources */ = {isa = PBXBuildFile; fileRef = 9578DB4A76CB7938B4853691 /* ClassificationTagSectionList.swift */; };
		AB88635D5557F7DDE27C2E36 /* DiscoveryPlaceholderView.swift in Sources */ = {isa = PBXBuildFile; fileRef = 2B929E3A144C38A93F9B1B16 /* DiscoveryPlaceholderView.swift */; };
		B951BCFBA0087D9C468E173C /* BookDramaResult.swift in Sources */ = {isa = PBXBuildFile; fileRef = A9E7DC4C675D86CF38C22BCF /* BookDramaResult.swift */; };
		BB2CF7CFF63FEBE8ABBB43AF /* DramaRepositoryTests.swift in Sources */ = {isa = PBXBuildFile; fileRef = 02129614AB57CA475B3BAA3A /* DramaRepositoryTests.swift */; };
		BBFEB1F93355833ED21D4338 /* RankingViewModel.swift in Sources */ = {isa = PBXBuildFile; fileRef = 617B2EB62F7154121BF774BB /* RankingViewModel.swift */; };
		BEE4D9E94DCED685AFB9A1FC /* SearchBarSection.swift in Sources */ = {isa = PBXBuildFile; fileRef = 646B2437069BFE54E2CB7150 /* SearchBarSection.swift */; };
		C11AB0FFC7138C79655BCD92 /* AppShellView.swift in Sources */ = {isa = PBXBuildFile; fileRef = 59FE449EBA66E3DB15CA32B0 /* AppShellView.swift */; };
		C3FE037C111A8767F7DAA74E /* EpisodeRepositoryProtocol.swift in Sources */ = {isa = PBXBuildFile; fileRef = 66097FA6CD19BC4254CF5FD3 /* EpisodeRepositoryProtocol.swift */; };
		C42129CE8C2A397C11828B94 /* SearchHomeViewModel.swift in Sources */ = {isa = PBXBuildFile; fileRef = 372DC72D24813F1E1318A53F /* SearchHomeViewModel.swift */; };
		C48DDABC7D1A8A47533E4D87 /* HomeDramaCardView.swift in Sources */ = {isa = PBXBuildFile; fileRef = 8FB1E421002638D92A7B4C11 /* HomeDramaCardView.swift */; };
		C49C77FECC1D134E882A052C /* APIClientTests.swift in Sources */ = {isa = PBXBuildFile; fileRef = 71DAC345C822E4283AB9050A /* APIClientTests.swift */; };
		C5550E79388440EAD054EE80 /* RankingDramaCardView.swift in Sources */ = {isa = PBXBuildFile; fileRef = 4C2A1D8B96906243D9D8E49A /* RankingDramaCardView.swift */; };
		C9D529DE60A98B54BCFD58D9 /* Drama.swift in Sources */ = {isa = PBXBuildFile; fileRef = 34F358FCDF42FEB4A5F51449 /* Drama.swift */; };
		CBB1F4CA4E1809460F6B9715 /* ClassificationViewModelTests.swift in Sources */ = {isa = PBXBuildFile; fileRef = 6A1FDE0030B7F2FEA7695713 /* ClassificationViewModelTests.swift */; };
		CE6645FAF47873C39F981B9C /* UserDefaultsSearchHistoryRepositoryTests.swift in Sources */ = {isa = PBXBuildFile; fileRef = 130FF3D03461C0F4F4F6CFEF /* UserDefaultsSearchHistoryRepositoryTests.swift */; };
		CEC7E17571C550076107EA44 /* RankingContentType.swift in Sources */ = {isa = PBXBuildFile; fileRef = 61C504FD1CB0D68EAA2E9C19 /* RankingContentType.swift */; };
		CF6D77B7ADEF93FC452635D3 /* SearchHistorySection.swift in Sources */ = {isa = PBXBuildFile; fileRef = 2D454DCF3A2AF3D523914780 /* SearchHistorySection.swift */; };
		CF6DCD0A23DA82C2060FECDD /* SearchResultStateView.swift in Sources */ = {isa = PBXBuildFile; fileRef = E04AD7F4D75C3103EE06C5C7 /* SearchResultStateView.swift */; };
		D1A25DF58FB964B1C63E6A05 /* FetchHotSearchesUseCase.swift in Sources */ = {isa = PBXBuildFile; fileRef = D8937222363537CE504CBEBB /* FetchHotSearchesUseCase.swift */; };
		DA1594B0D8C064DADCE31CED /* DeeplinkHandlerTests.swift in Sources */ = {isa = PBXBuildFile; fileRef = A57E26C6928F3766118EA976 /* DeeplinkHandlerTests.swift */; };
		DAA8434FC938F0F056FBF6B5 /* DesignTokens.swift in Sources */ = {isa = PBXBuildFile; fileRef = 2812171BED0E103FF5462A63 /* DesignTokens.swift */; };
		DB28AB0992D2813322429FA5 /* HotSearchItem.swift in Sources */ = {isa = PBXBuildFile; fileRef = 27A938A7B21FBE36098523B2 /* HotSearchItem.swift */; };
		DBFC3DC0D42F0ED3D550080F /* Episode.swift in Sources */ = {isa = PBXBuildFile; fileRef = 36A77D248E5778C63CCF26B7 /* Episode.swift */; };
		DCC5C8ED1DD088EBDE626991 /* View+Extensions.swift in Sources */ = {isa = PBXBuildFile; fileRef = 6678A127F197D20A6101E32D /* View+Extensions.swift */; };
		DD8861D600FAEF2B4FC15517 /* PlayerView.swift in Sources */ = {isa = PBXBuildFile; fileRef = 876C382615F9AB96597EFE01 /* PlayerView.swift */; };
		DFC8BE26F8610C437BCF104B /* PagedResult.swift in Sources */ = {isa = PBXBuildFile; fileRef = EC5FA853A7A85A5EEFEF8164 /* PagedResult.swift */; };
		E1021F87084241EA484BF95D /* DramaRepositoryProtocol.swift in Sources */ = {isa = PBXBuildFile; fileRef = 5C3EF62A7F40CC12BF33B4EF /* DramaRepositoryProtocol.swift */; };
		E2DDE85DE310252C90AA91FE /* URLProtocolMock.swift in Sources */ = {isa = PBXBuildFile; fileRef = 1794AD940AEAE63739477ECF /* URLProtocolMock.swift */; };
		E4A058157EEBE77D2B369954 /* AppConfigTests.swift in Sources */ = {isa = PBXBuildFile; fileRef = 987683F8C0805C22F4B8F618 /* AppConfigTests.swift */; };
		E54901803DCB7CE4E5849E5A /* FetchRankingsUseCase.swift in Sources */ = {isa = PBXBuildFile; fileRef = 456AF3A06E86AF379D672540 /* FetchRankingsUseCase.swift */; };
		E931A7348A879CD66A3E9835 /* RankingSecondaryTabBar.swift in Sources */ = {isa = PBXBuildFile; fileRef = 22CF374BCDBA0E608020B698 /* RankingSecondaryTabBar.swift */; };
		E997BD3A2E993F3ED7422D5B /* RankingRouteBuilder.swift in Sources */ = {isa = PBXBuildFile; fileRef = 557DB433882701799342550E /* RankingRouteBuilder.swift */; };
		E9E46C57B93D83F72097E5D8 /* ClassificationGender.swift in Sources */ = {isa = PBXBuildFile; fileRef = BE6A0A5668FD0FDA53023A45 /* ClassificationGender.swift */; };
		EBEFFEA53CF2388CF4022DA6 /* DramaRemoteDataSource.swift in Sources */ = {isa = PBXBuildFile; fileRef = EC4E1CEBECA64159FAFC8F1E /* DramaRemoteDataSource.swift */; };
		ED770A3C641A77368B04BEFE /* EpisodeDTO.swift in Sources */ = {isa = PBXBuildFile; fileRef = B568A8A0FC443A4B32A11559 /* EpisodeDTO.swift */; };
		EE663D520B117755C59829FA /* RankingPrimaryTabBar.swift in Sources */ = {isa = PBXBuildFile; fileRef = 1AA03853C50274EB87E21EE8 /* RankingPrimaryTabBar.swift */; };
		F1C5988BC4BF170953B4EB75 /* RankingQuery.swift in Sources */ = {isa = PBXBuildFile; fileRef = A5F7DFBC972739D4002ABDC0 /* RankingQuery.swift */; };
		F59AF7EE30E29EE19A666F68 /* APIClient.swift in Sources */ = {isa = PBXBuildFile; fileRef = 8149629279CB27F44BDB2080 /* APIClient.swift */; };
		F93C5646B05EC138D538FAC0 /* HomeViewModel.swift in Sources */ = {isa = PBXBuildFile; fileRef = ED502C63020760EBCE411D37 /* HomeViewModel.swift */; };
		FA14C5788B88DD0E33A7DA87 /* RankingDramaDTO.swift in Sources */ = {isa = PBXBuildFile; fileRef = DB88579805526FFA853CC986 /* RankingDramaDTO.swift */; };
/* End PBXBuildFile section */

/* Begin PBXContainerItemProxy section */
		16E4B141BFB612C60B3758D4 /* PBXContainerItemProxy */ = {
			isa = PBXContainerItemProxy;
			containerPortal = 8763F18CA00138849DFFDB70 /* Project object */;
			proxyType = 1;
			remoteGlobalIDString = DBB0BAE3E16A070F2C875D05;
			remoteInfo = ShortDrama;
		};
/* End PBXContainerItemProxy section */

/* Begin PBXFileReference section */
		0113C44A97A977BA95989F48 /* RankingMetricView.swift */ = {isa = PBXFileReference; lastKnownFileType = sourcecode.swift; path = RankingMetricView.swift; sourceTree = "<group>"; };
		02129614AB57CA475B3BAA3A /* DramaRepositoryTests.swift */ = {isa = PBXFileReference; lastKnownFileType = sourcecode.swift; path = DramaRepositoryTests.swift; sourceTree = "<group>"; };
		03178F3FD467F6DD9E17A95F /* TabNavigationHostView.swift */ = {isa = PBXFileReference; lastKnownFileType = sourcecode.swift; path = TabNavigationHostView.swift; sourceTree = "<group>"; };
		070F631B3561F1007A8997C7 /* DramaDetailViewModel.swift */ = {isa = PBXFileReference; lastKnownFileType = sourcecode.swift; path = DramaDetailViewModel.swift; sourceTree = "<group>"; };
		0A2D817CAB11819EF49DB1AF /* FetchDramasUseCase.swift */ = {isa = PBXFileReference; lastKnownFileType = sourcecode.swift; path = FetchDramasUseCase.swift; sourceTree = "<group>"; };
		0E9AB69441F3FE4F9621454C /* HomeView.swift */ = {isa = PBXFileReference; lastKnownFileType = sourcecode.swift; path = HomeView.swift; sourceTree = "<group>"; };
		130FF3D03461C0F4F4F6CFEF /* UserDefaultsSearchHistoryRepositoryTests.swift */ = {isa = PBXFileReference; lastKnownFileType = sourcecode.swift; path = UserDefaultsSearchHistoryRepositoryTests.swift; sourceTree = "<group>"; };
		1794AD940AEAE63739477ECF /* URLProtocolMock.swift */ = {isa = PBXFileReference; lastKnownFileType = sourcecode.swift; path = URLProtocolMock.swift; sourceTree = "<group>"; };
		1AA03853C50274EB87E21EE8 /* RankingPrimaryTabBar.swift */ = {isa = PBXFileReference; lastKnownFileType = sourcecode.swift; path = RankingPrimaryTabBar.swift; sourceTree = "<group>"; };
		1CEC02DD2096A9474FE6A5B4 /* MockDramaRepository.swift */ = {isa = PBXFileReference; lastKnownFileType = sourcecode.swift; path = MockDramaRepository.swift; sourceTree = "<group>"; };
		1E85F397906C0816D73632C9 /* UserDefaultsSearchHistoryRepository.swift */ = {isa = PBXFileReference; lastKnownFileType = sourcecode.swift; path = UserDefaultsSearchHistoryRepository.swift; sourceTree = "<group>"; };
		22CF374BCDBA0E608020B698 /* RankingSecondaryTabBar.swift */ = {isa = PBXFileReference; lastKnownFileType = sourcecode.swift; path = RankingSecondaryTabBar.swift; sourceTree = "<group>"; };
		23F08A8FA21CFD88F69374E1 /* PlaceholderTabView.swift */ = {isa = PBXFileReference; lastKnownFileType = sourcecode.swift; path = PlaceholderTabView.swift; sourceTree = "<group>"; };
		25229CC1E78F10B92E6B7F8B /* PaginationDTO.swift */ = {isa = PBXFileReference; lastKnownFileType = sourcecode.swift; path = PaginationDTO.swift; sourceTree = "<group>"; };
		27A938A7B21FBE36098523B2 /* HotSearchItem.swift */ = {isa = PBXFileReference; lastKnownFileType = sourcecode.swift; path = HotSearchItem.swift; sourceTree = "<group>"; };
		2812171BED0E103FF5462A63 /* DesignTokens.swift */ = {isa = PBXFileReference; lastKnownFileType = sourcecode.swift; path = DesignTokens.swift; sourceTree = "<group>"; };
		2B929E3A144C38A93F9B1B16 /* DiscoveryPlaceholderView.swift */ = {isa = PBXFileReference; lastKnownFileType = sourcecode.swift; path = DiscoveryPlaceholderView.swift; sourceTree = "<group>"; };
		2D10B465928C809BE023B3AA /* ShortDramaApp.swift */ = {isa = PBXFileReference; lastKnownFileType = sourcecode.swift; path = ShortDramaApp.swift; sourceTree = "<group>"; };
		2D454DCF3A2AF3D523914780 /* SearchHistorySection.swift */ = {isa = PBXFileReference; lastKnownFileType = sourcecode.swift; path = SearchHistorySection.swift; sourceTree = "<group>"; };
		34F358FCDF42FEB4A5F51449 /* Drama.swift */ = {isa = PBXFileReference; lastKnownFileType = sourcecode.swift; path = Drama.swift; sourceTree = "<group>"; };
		36A77D248E5778C63CCF26B7 /* Episode.swift */ = {isa = PBXFileReference; lastKnownFileType = sourcecode.swift; path = Episode.swift; sourceTree = "<group>"; };
		372DC72D24813F1E1318A53F /* SearchHomeViewModel.swift */ = {isa = PBXFileReference; lastKnownFileType = sourcecode.swift; path = SearchHomeViewModel.swift; sourceTree = "<group>"; };
		38176A8005AA04186549FD60 /* QuickEntryGrid.swift */ = {isa = PBXFileReference; lastKnownFileType = sourcecode.swift; path = QuickEntryGrid.swift; sourceTree = "<group>"; };
		3C46E7CA37973ED6F6A29DA9 /* HotSearchDTO.swift */ = {isa = PBXFileReference; lastKnownFileType = sourcecode.swift; path = HotSearchDTO.swift; sourceTree = "<group>"; };
		3D64D5CAB341E1CD6EB762AE /* APIError.swift */ = {isa = PBXFileReference; lastKnownFileType = sourcecode.swift; path = APIError.swift; sourceTree = "<group>"; };
		3F30D0C0DF3748C7547F1D95 /* ClassificationDimensionRail.swift */ = {isa = PBXFileReference; lastKnownFileType = sourcecode.swift; path = ClassificationDimensionRail.swift; sourceTree = "<group>"; };
		3F324377B3D90BA0C0A91C7F /* DTOMappingTests.swift */ = {isa = PBXFileReference; lastKnownFileType = sourcecode.swift; path = DTOMappingTests.swift; sourceTree = "<group>"; };
		40F5FB6EDAFAA733EBFFCFAE /* AppConfig.swift */ = {isa = PBXFileReference; lastKnownFileType = sourcecode.swift; path = AppConfig.swift; sourceTree = "<group>"; };
		4183D6EA8A7B8D1BE9695127 /* RankingDrama.swift */ = {isa = PBXFileReference; lastKnownFileType = sourcecode.swift; path = RankingDrama.swift; sourceTree = "<group>"; };
		456AF3A06E86AF379D672540 /* FetchRankingsUseCase.swift */ = {isa = PBXFileReference; lastKnownFileType = sourcecode.swift; path = FetchRankingsUseCase.swift; sourceTree = "<group>"; };
		49B4912E196246343FE36873 /* DeeplinkHandler.swift */ = {isa = PBXFileReference; lastKnownFileType = sourcecode.swift; path = DeeplinkHandler.swift; sourceTree = "<group>"; };
		4C2A1D8B96906243D9D8E49A /* RankingDramaCardView.swift */ = {isa = PBXFileReference; lastKnownFileType = sourcecode.swift; path = RankingDramaCardView.swift; sourceTree = "<group>"; };
		50E639F947C5BD1DCFF6153C /* ClassificationTagsResponseDTO.swift */ = {isa = PBXFileReference; lastKnownFileType = sourcecode.swift; path = ClassificationTagsResponseDTO.swift; sourceTree = "<group>"; };
		52694B07D9609033E73459F7 /* DramaDetailView.swift */ = {isa = PBXFileReference; lastKnownFileType = sourcecode.swift; path = DramaDetailView.swift; sourceTree = "<group>"; };
		5348B030513B029CDF7592CD /* ClassificationHomeView.swift */ = {isa = PBXFileReference; lastKnownFileType = sourcecode.swift; path = ClassificationHomeView.swift; sourceTree = "<group>"; };
		5372B132B3E68C2174C902B1 /* BookDramaResponseDTO.swift */ = {isa = PBXFileReference; lastKnownFileType = sourcecode.swift; path = BookDramaResponseDTO.swift; sourceTree = "<group>"; };
		557DB433882701799342550E /* RankingRouteBuilder.swift */ = {isa = PBXFileReference; lastKnownFileType = sourcecode.swift; path = RankingRouteBuilder.swift; sourceTree = "<group>"; };
		55AEE83531A2526B0E2DC314 /* DramaRepository.swift */ = {isa = PBXFileReference; lastKnownFileType = sourcecode.swift; path = DramaRepository.swift; sourceTree = "<group>"; };
		59FE449EBA66E3DB15CA32B0 /* AppShellView.swift */ = {isa = PBXFileReference; lastKnownFileType = sourcecode.swift; path = AppShellView.swift; sourceTree = "<group>"; };
		5C3EF62A7F40CC12BF33B4EF /* DramaRepositoryProtocol.swift */ = {isa = PBXFileReference; lastKnownFileType = sourcecode.swift; path = DramaRepositoryProtocol.swift; sourceTree = "<group>"; };
		617B2EB62F7154121BF774BB /* RankingViewModel.swift */ = {isa = PBXFileReference; lastKnownFileType = sourcecode.swift; path = RankingViewModel.swift; sourceTree = "<group>"; };
		61C504FD1CB0D68EAA2E9C19 /* RankingContentType.swift */ = {isa = PBXFileReference; lastKnownFileType = sourcecode.swift; path = RankingContentType.swift; sourceTree = "<group>"; };
		646B2437069BFE54E2CB7150 /* SearchBarSection.swift */ = {isa = PBXFileReference; lastKnownFileType = sourcecode.swift; path = SearchBarSection.swift; sourceTree = "<group>"; };
		6507077C1FF8768F5F155728 /* ClassificationStateView.swift */ = {isa = PBXFileReference; lastKnownFileType = sourcecode.swift; path = ClassificationStateView.swift; sourceTree = "<group>"; };
		6588D39C9E67C1E758BB22F1 /* RankingListView.swift */ = {isa = PBXFileReference; lastKnownFileType = sourcecode.swift; path = RankingListView.swift; sourceTree = "<group>"; };
		66097FA6CD19BC4254CF5FD3 /* EpisodeRepositoryProtocol.swift */ = {isa = PBXFileReference; lastKnownFileType = sourcecode.swift; path = EpisodeRepositoryProtocol.swift; sourceTree = "<group>"; };
		6678A127F197D20A6101E32D /* View+Extensions.swift */ = {isa = PBXFileReference; lastKnownFileType = sourcecode.swift; path = "View+Extensions.swift"; sourceTree = "<group>"; };
		69E919CA09B73F78C8960EE8 /* ShortDrama.app */ = {isa = PBXFileReference; includeInIndex = 0; lastKnownFileType = wrapper.application; path = ShortDrama.app; sourceTree = BUILT_PRODUCTS_DIR; };
		6A1811111B8E8CBC095CC404 /* QuickEntry.swift */ = {isa = PBXFileReference; lastKnownFileType = sourcecode.swift; path = QuickEntry.swift; sourceTree = "<group>"; };
		6A1FDE0030B7F2FEA7695713 /* ClassificationViewModelTests.swift */ = {isa = PBXFileReference; lastKnownFileType = sourcecode.swift; path = ClassificationViewModelTests.swift; sourceTree = "<group>"; };
		6B603923ABCD5E312FA3ABA7 /* HomeViewModelTests.swift */ = {isa = PBXFileReference; lastKnownFileType = sourcecode.swift; path = HomeViewModelTests.swift; sourceTree = "<group>"; };
		6C6E88F39AD1FFDEE65B0EBC /* ShortDramaTests.xctest */ = {isa = PBXFileReference; includeInIndex = 0; lastKnownFileType = wrapper.cfbundle; path = ShortDramaTests.xctest; sourceTree = BUILT_PRODUCTS_DIR; };
		71DAC345C822E4283AB9050A /* APIClientTests.swift */ = {isa = PBXFileReference; lastKnownFileType = sourcecode.swift; path = APIClientTests.swift; sourceTree = "<group>"; };
		73C4337E5FCCD8D0164A9B77 /* AppRoute.swift */ = {isa = PBXFileReference; lastKnownFileType = sourcecode.swift; path = AppRoute.swift; sourceTree = "<group>"; };
		77E13E7348A0E756F5D51D97 /* RankingType.swift */ = {isa = PBXFileReference; lastKnownFileType = sourcecode.swift; path = RankingType.swift; sourceTree = "<group>"; };
		7E8A7CAF55CB99F42EC09BF0 /* APIEndpoint.swift */ = {isa = PBXFileReference; lastKnownFileType = sourcecode.swift; path = APIEndpoint.swift; sourceTree = "<group>"; };
		8149629279CB27F44BDB2080 /* APIClient.swift */ = {isa = PBXFileReference; lastKnownFileType = sourcecode.swift; path = APIClient.swift; sourceTree = "<group>"; };
		82468013FC371A0EF264F8B0 /* PlayerViewModel.swift */ = {isa = PBXFileReference; lastKnownFileType = sourcecode.swift; path = PlayerViewModel.swift; sourceTree = "<group>"; };
		855FD4B574FC6506A90B6AE6 /* SearchHomeView.swift */ = {isa = PBXFileReference; lastKnownFileType = sourcecode.swift; path = SearchHomeView.swift; sourceTree = "<group>"; };
		8623D152FAFFF9587FDC4AC4 /* RankingBookingButton.swift */ = {isa = PBXFileReference; lastKnownFileType = sourcecode.swift; path = RankingBookingButton.swift; sourceTree = "<group>"; };
		876C382615F9AB96597EFE01 /* PlayerView.swift */ = {isa = PBXFileReference; lastKnownFileType = sourcecode.swift; path = PlayerView.swift; sourceTree = "<group>"; };
		8AE1F45DC3A49E5115725610 /* SearchResultView.swift */ = {isa = PBXFileReference; lastKnownFileType = sourcecode.swift; path = SearchResultView.swift; sourceTree = "<group>"; };
		8DBFA0911822977EA1AC41DD /* SearchResultViewModelTests.swift */ = {isa = PBXFileReference; lastKnownFileType = sourcecode.swift; path = SearchResultViewModelTests.swift; sourceTree = "<group>"; };
		8FB1E421002638D92A7B4C11 /* HomeDramaCardView.swift */ = {isa = PBXFileReference; lastKnownFileType = sourcecode.swift; path = HomeDramaCardView.swift; sourceTree = "<group>"; };
		93A924D382A71E13DA8F14FC /* BookDramaUseCase.swift */ = {isa = PBXFileReference; lastKnownFileType = sourcecode.swift; path = BookDramaUseCase.swift; sourceTree = "<group>"; };
		9578DB4A76CB7938B4853691 /* ClassificationTagSectionList.swift */ = {isa = PBXFileReference; lastKnownFileType = sourcecode.swift; path = ClassificationTagSectionList.swift; sourceTree = "<group>"; };
		987683F8C0805C22F4B8F618 /* AppConfigTests.swift */ = {isa = PBXFileReference; lastKnownFileType = sourcecode.swift; path = AppConfigTests.swift; sourceTree = "<group>"; };
		A06CA5570703E00706A30373 /* RankingViewModelTests.swift */ = {isa = PBXFileReference; lastKnownFileType = sourcecode.swift; path = RankingViewModelTests.swift; sourceTree = "<group>"; };
		A1C7522C8100006836500702 /* ClassificationTagChip.swift */ = {isa = PBXFileReference; lastKnownFileType = sourcecode.swift; path = ClassificationTagChip.swift; sourceTree = "<group>"; };
		A3194E2B785D9B3CC34ED3BC /* SearchHistoryItem.swift */ = {isa = PBXFileReference; lastKnownFileType = sourcecode.swift; path = SearchHistoryItem.swift; sourceTree = "<group>"; };
		A3CB206D2201A77B7F3D3E4B /* FetchClassificationTagsUseCase.swift */ = {isa = PBXFileReference; lastKnownFileType = sourcecode.swift; path = FetchClassificationTagsUseCase.swift; sourceTree = "<group>"; };
		A57E26C6928F3766118EA976 /* DeeplinkHandlerTests.swift */ = {isa = PBXFileReference; lastKnownFileType = sourcecode.swift; path = DeeplinkHandlerTests.swift; sourceTree = "<group>"; };
		A5F7DFBC972739D4002ABDC0 /* RankingQuery.swift */ = {isa = PBXFileReference; lastKnownFileType = sourcecode.swift; path = RankingQuery.swift; sourceTree = "<group>"; };
		A84F14ED4C6E37966539FAA3 /* ClassificationTagsPayload.swift */ = {isa = PBXFileReference; lastKnownFileType = sourcecode.swift; path = ClassificationTagsPayload.swift; sourceTree = "<group>"; };
		A9E7DC4C675D86CF38C22BCF /* BookDramaResult.swift */ = {isa = PBXFileReference; lastKnownFileType = sourcecode.swift; path = BookDramaResult.swift; sourceTree = "<group>"; };
		AA9FC02E65C6E99AD28363BC /* SearchDramasUseCase.swift */ = {isa = PBXFileReference; lastKnownFileType = sourcecode.swift; path = SearchDramasUseCase.swift; sourceTree = "<group>"; };
		AF214510D36EDC62BC8B33D2 /* SaveSearchHistoryUseCase.swift */ = {isa = PBXFileReference; lastKnownFileType = sourcecode.swift; path = SaveSearchHistoryUseCase.swift; sourceTree = "<group>"; };
		AF86673F5E81BF29337DCEAE /* NavigationRouter.swift */ = {isa = PBXFileReference; lastKnownFileType = sourcecode.swift; path = NavigationRouter.swift; sourceTree = "<group>"; };
		B568A8A0FC443A4B32A11559 /* EpisodeDTO.swift */ = {isa = PBXFileReference; lastKnownFileType = sourcecode.swift; path = EpisodeDTO.swift; sourceTree = "<group>"; };
		B5E5B9F75016A510EA97B0CB /* HotSearchSection.swift */ = {isa = PBXFileReference; lastKnownFileType = sourcecode.swift; path = HotSearchSection.swift; sourceTree = "<group>"; };
		B93BE1E1A3798407127DC7FA /* ClearSearchHistoryUseCase.swift */ = {isa = PBXFileReference; lastKnownFileType = sourcecode.swift; path = ClearSearchHistoryUseCase.swift; sourceTree = "<group>"; };
		BD15978E13DCB1043F2BAF45 /* SearchHomeViewModelTests.swift */ = {isa = PBXFileReference; lastKnownFileType = sourcecode.swift; path = SearchHomeViewModelTests.swift; sourceTree = "<group>"; };
		BE01D9F8E8DCDB672BBE840C /* APIErrorTests.swift */ = {isa = PBXFileReference; lastKnownFileType = sourcecode.swift; path = APIErrorTests.swift; sourceTree = "<group>"; };
		BE6A0A5668FD0FDA53023A45 /* ClassificationGender.swift */ = {isa = PBXFileReference; lastKnownFileType = sourcecode.swift; path = ClassificationGender.swift; sourceTree = "<group>"; };
		C24632A9074239EB7F34980B /* AppTab.swift */ = {isa = PBXFileReference; lastKnownFileType = sourcecode.swift; path = AppTab.swift; sourceTree = "<group>"; };
		C5466AACBD48581C0A112A1A /* RankingHomeView.swift */ = {isa = PBXFileReference; lastKnownFileType = sourcecode.swift; path = RankingHomeView.swift; sourceTree = "<group>"; };
		C5ABAD3BFCA4F4712265C1CB /* LoadSearchHistoryUseCase.swift */ = {isa = PBXFileReference; lastKnownFileType = sourcecode.swift; path = LoadSearchHistoryUseCase.swift; sourceTree = "<group>"; };
		D13CF7699FF3B4910D6A0E70 /* SearchHistoryRepositoryProtocol.swift */ = {isa = PBXFileReference; lastKnownFileType = sourcecode.swift; path = SearchHistoryRepositoryProtocol.swift; sourceTree = "<group>"; };
		D8937222363537CE504CBEBB /* FetchHotSearchesUseCase.swift */ = {isa = PBXFileReference; lastKnownFileType = sourcecode.swift; path = FetchHotSearchesUseCase.swift; sourceTree = "<group>"; };
		DB88579805526FFA853CC986 /* RankingDramaDTO.swift */ = {isa = PBXFileReference; lastKnownFileType = sourcecode.swift; path = RankingDramaDTO.swift; sourceTree = "<group>"; };
		DFD690D7A558CD14E6E64AE2 /* RankingStateView.swift */ = {isa = PBXFileReference; lastKnownFileType = sourcecode.swift; path = RankingStateView.swift; sourceTree = "<group>"; };
		E04AD7F4D75C3103EE06C5C7 /* SearchResultStateView.swift */ = {isa = PBXFileReference; lastKnownFileType = sourcecode.swift; path = SearchResultStateView.swift; sourceTree = "<group>"; };
		E084F9FBA54B4E74BED744C1 /* NavigationRouterTests.swift */ = {isa = PBXFileReference; lastKnownFileType = sourcecode.swift; path = NavigationRouterTests.swift; sourceTree = "<group>"; };
		EC4E1CEBECA64159FAFC8F1E /* DramaRemoteDataSource.swift */ = {isa = PBXFileReference; lastKnownFileType = sourcecode.swift; path = DramaRemoteDataSource.swift; sourceTree = "<group>"; };
		EC5FA853A7A85A5EEFEF8164 /* PagedResult.swift */ = {isa = PBXFileReference; lastKnownFileType = sourcecode.swift; path = PagedResult.swift; sourceTree = "<group>"; };
		ED502C63020760EBCE411D37 /* HomeViewModel.swift */ = {isa = PBXFileReference; lastKnownFileType = sourcecode.swift; path = HomeViewModel.swift; sourceTree = "<group>"; };
		F3910CDC147064BFD9A8584D /* RankingListResponseDTO.swift */ = {isa = PBXFileReference; lastKnownFileType = sourcecode.swift; path = RankingListResponseDTO.swift; sourceTree = "<group>"; };
		F40D49C96CE14F031102DDC4 /* ClassificationViewModel.swift */ = {isa = PBXFileReference; lastKnownFileType = sourcecode.swift; path = ClassificationViewModel.swift; sourceTree = "<group>"; };
		FB3FB4D945EB2BEACB8CA72D /* DramaDTO.swift */ = {isa = PBXFileReference; lastKnownFileType = sourcecode.swift; path = DramaDTO.swift; sourceTree = "<group>"; };
		FB9E1C3A8B7D1E758D2F4125 /* ClassificationGenderTabBar.swift */ = {isa = PBXFileReference; lastKnownFileType = sourcecode.swift; path = ClassificationGenderTabBar.swift; sourceTree = "<group>"; };
		FD44EC0F5B23406B7CC0E2C2 /* SearchResultViewModel.swift */ = {isa = PBXFileReference; lastKnownFileType = sourcecode.swift; path = SearchResultViewModel.swift; sourceTree = "<group>"; };
		FF266C1790D0DF790C547E51 /* ClassificationDimension.swift */ = {isa = PBXFileReference; lastKnownFileType = sourcecode.swift; path = ClassificationDimension.swift; sourceTree = "<group>"; };
		FFCC971A5AE37C44AE55FD13 /* DramaDTOTests.swift */ = {isa = PBXFileReference; lastKnownFileType = sourcecode.swift; path = DramaDTOTests.swift; sourceTree = "<group>"; };
/* End PBXFileReference section */

/* Begin PBXGroup section */
		01DD33D0E943E6836BC4F015 /* ViewModels */ = {
			isa = PBXGroup;
			children = (
				ED502C63020760EBCE411D37 /* HomeViewModel.swift */,
			);
			path = ViewModels;
			sourceTree = "<group>";
		};
		0736C6BE4D9A6ED5B4ECBABD /* Player */ = {
			isa = PBXGroup;
			children = (
				7C202E56537FD629BD6BEEE1 /* ViewModels */,
				61AC58A839BD3C53F20E7770 /* Views */,
			);
			path = Player;
			sourceTree = "<group>";
		};
		110F788C9D09C3F55D9E4EEC /* ViewModels */ = {
			isa = PBXGroup;
			children = (
				372DC72D24813F1E1318A53F /* SearchHomeViewModel.swift */,
				FD44EC0F5B23406B7CC0E2C2 /* SearchResultViewModel.swift */,
			);
			path = ViewModels;
			sourceTree = "<group>";
		};
		2E2C9723EEAD42F7099A4B1A /* Domain */ = {
			isa = PBXGroup;
			children = (
				C674B304A52B060BAC2F1460 /* Entities */,
				AB43AAE015F91EB958F73961 /* RepositoryProtocols */,
				48533029ABFAE3B1CDB46C2D /* UseCases */,
			);
			path = Domain;
			sourceTree = "<group>";
		};
		373AFB9630DB4CA2979F81FA /* DomainTests */ = {
			isa = PBXGroup;
			children = (
				987683F8C0805C22F4B8F618 /* AppConfigTests.swift */,
				3F324377B3D90BA0C0A91C7F /* DTOMappingTests.swift */,
			);
			path = DomainTests;
			sourceTree = "<group>";
		};
		3853F09B9ADD3F44F2151607 /* Views */ = {
			isa = PBXGroup;
			children = (
				52694B07D9609033E73459F7 /* DramaDetailView.swift */,
			);
			path = Views;
			sourceTree = "<group>";
		};
		39CF7E67EDF64CC7743714DD /* Products */ = {
			isa = PBXGroup;
			children = (
				69E919CA09B73F78C8960EE8 /* ShortDrama.app */,
				6C6E88F39AD1FFDEE65B0EBC /* ShortDramaTests.xctest */,
			);
			name = Products;
			sourceTree = "<group>";
		};
		4512653B8B850B5C631C54B7 /* Views */ = {
			isa = PBXGroup;
			children = (
				23F08A8FA21CFD88F69374E1 /* PlaceholderTabView.swift */,
			);
			path = Views;
			sourceTree = "<group>";
		};
		48533029ABFAE3B1CDB46C2D /* UseCases */ = {
			isa = PBXGroup;
			children = (
				93A924D382A71E13DA8F14FC /* BookDramaUseCase.swift */,
				B93BE1E1A3798407127DC7FA /* ClearSearchHistoryUseCase.swift */,
				A3CB206D2201A77B7F3D3E4B /* FetchClassificationTagsUseCase.swift */,
				0A2D817CAB11819EF49DB1AF /* FetchDramasUseCase.swift */,
				D8937222363537CE504CBEBB /* FetchHotSearchesUseCase.swift */,
				456AF3A06E86AF379D672540 /* FetchRankingsUseCase.swift */,
				C5ABAD3BFCA4F4712265C1CB /* LoadSearchHistoryUseCase.swift */,
				AF214510D36EDC62BC8B33D2 /* SaveSearchHistoryUseCase.swift */,
				AA9FC02E65C6E99AD28363BC /* SearchDramasUseCase.swift */,
			);
			path = UseCases;
			sourceTree = "<group>";
		};
		49F81455BFDF8F12DB44ADFA /* Shell */ = {
			isa = PBXGroup;
			children = (
				4512653B8B850B5C631C54B7 /* Views */,
			);
			path = Shell;
			sourceTree = "<group>";
		};
		4C15D1B5DD1502F7446C0CBA = {
			isa = PBXGroup;
			children = (
				E9EE32F36F88EA9C97F30ABE /* Sources */,
				B7A0DEFF7C42E4B2D7264996 /* Tests */,
				39CF7E67EDF64CC7743714DD /* Products */,
			);
			sourceTree = "<group>";
		};
		5ABFA7392AD19D3B677E18C0 /* Components */ = {
			isa = PBXGroup;
			children = (
				B5E5B9F75016A510EA97B0CB /* HotSearchSection.swift */,
				38176A8005AA04186549FD60 /* QuickEntryGrid.swift */,
				646B2437069BFE54E2CB7150 /* SearchBarSection.swift */,
				2D454DCF3A2AF3D523914780 /* SearchHistorySection.swift */,
				E04AD7F4D75C3103EE06C5C7 /* SearchResultStateView.swift */,
			);
			path = Components;
			sourceTree = "<group>";
		};
		60F3B9A62DE83BB1587A4AEB /* DramaDetail */ = {
			isa = PBXGroup;
			children = (
				81E707D7AF91DE4590D45E52 /* ViewModels */,
				3853F09B9ADD3F44F2151607 /* Views */,
			);
			path = DramaDetail;
			sourceTree = "<group>";
		};
		61AC58A839BD3C53F20E7770 /* Views */ = {
			isa = PBXGroup;
			children = (
				876C382615F9AB96597EFE01 /* PlayerView.swift */,
			);
			path = Views;
			sourceTree = "<group>";
		};
		6A9564683F3A1738DB7FB1D4 /* Views */ = {
			isa = PBXGroup;
			children = (
				5348B030513B029CDF7592CD /* ClassificationHomeView.swift */,
				C02FD6FC61B9C400F839AEDC /* Components */,
			);
			path = Views;
			sourceTree = "<group>";
		};
		6B28962B65CCE6289FFBCE4A /* Network */ = {
			isa = PBXGroup;
			children = (
				8149629279CB27F44BDB2080 /* APIClient.swift */,
				7E8A7CAF55CB99F42EC09BF0 /* APIEndpoint.swift */,
				3D64D5CAB341E1CD6EB762AE /* APIError.swift */,
			);
			path = Network;
			sourceTree = "<group>";
		};
		7927D1384394097B8AD5BB71 /* Data */ = {
			isa = PBXGroup;
			children = (
				CE4C9DA2D189D36309A6C02A /* DataSources */,
				BEA668A502E788EFD5FC99CA /* DTOs */,
				D5EE50E9A1FE6224423E79E5 /* Repositories */,
			);
			path = Data;
			sourceTree = "<group>";
		};
		7C202E56537FD629BD6BEEE1 /* ViewModels */ = {
			isa = PBXGroup;
			children = (
				82468013FC371A0EF264F8B0 /* PlayerViewModel.swift */,
			);
			path = ViewModels;
			sourceTree = "<group>";
		};
		7D38B485CF8DE670461CBAC6 /* Core */ = {
			isa = PBXGroup;
			children = (
				D9AE12AB5224AE899867AAA1 /* Config */,
				8466D6ABEC87EA5C0AE05BEB /* DesignSystem */,
				80FC323035C644FF42DA5264 /* Extensions */,
				6B28962B65CCE6289FFBCE4A /* Network */,
			);
			path = Core;
			sourceTree = "<group>";
		};
		7F29F9A84D517121795FD84D /* Features */ = {
			isa = PBXGroup;
			children = (
				E4F3DE9A8F4998E4D8229ADA /* Classification */,
				60F3B9A62DE83BB1587A4AEB /* DramaDetail */,
				C3389D739BAABF0220555F00 /* Home */,
				0736C6BE4D9A6ED5B4ECBABD /* Player */,
				B6238F8AD097A998B2D985F6 /* Ranking */,
				CD5886EFCEB48EBBBA0A5426 /* Search */,
				49F81455BFDF8F12DB44ADFA /* Shell */,
			);
			path = Features;
			sourceTree = "<group>";
		};
		80FC323035C644FF42DA5264 /* Extensions */ = {
			isa = PBXGroup;
			children = (
				6678A127F197D20A6101E32D /* View+Extensions.swift */,
			);
			path = Extensions;
			sourceTree = "<group>";
		};
		81E707D7AF91DE4590D45E52 /* ViewModels */ = {
			isa = PBXGroup;
			children = (
				070F631B3561F1007A8997C7 /* DramaDetailViewModel.swift */,
			);
			path = ViewModels;
			sourceTree = "<group>";
		};
		8466D6ABEC87EA5C0AE05BEB /* DesignSystem */ = {
			isa = PBXGroup;
			children = (
				2812171BED0E103FF5462A63 /* DesignTokens.swift */,
			);
			path = DesignSystem;
			sourceTree = "<group>";
		};
		851DA9581288983C9BC099A2 /* Components */ = {
			isa = PBXGroup;
			children = (
				8FB1E421002638D92A7B4C11 /* HomeDramaCardView.swift */,
			);
			path = Components;
			sourceTree = "<group>";
		};
		8C58F79F9AF27FB176354288 /* ViewModels */ = {
			isa = PBXGroup;
			children = (
				F40D49C96CE14F031102DDC4 /* ClassificationViewModel.swift */,
			);
			path = ViewModels;
			sourceTree = "<group>";
		};
		8FFA683756F66F914027FE69 /* Views */ = {
			isa = PBXGroup;
			children = (
				C5466AACBD48581C0A112A1A /* RankingHomeView.swift */,
				C296BBAC6B43C720D140B466 /* Components */,
			);
			path = Views;
			sourceTree = "<group>";
		};
		9E84A373F0A9145845A90741 /* Views */ = {
			isa = PBXGroup;
			children = (
				2B929E3A144C38A93F9B1B16 /* DiscoveryPlaceholderView.swift */,
				855FD4B574FC6506A90B6AE6 /* SearchHomeView.swift */,
				8AE1F45DC3A49E5115725610 /* SearchResultView.swift */,
				5ABFA7392AD19D3B677E18C0 /* Components */,
			);
			path = Views;
			sourceTree = "<group>";
		};
		A4C8279A01024096766E9F94 /* DataTests */ = {
			isa = PBXGroup;
			children = (
				71DAC345C822E4283AB9050A /* APIClientTests.swift */,
				BE01D9F8E8DCDB672BBE840C /* APIErrorTests.swift */,
				FFCC971A5AE37C44AE55FD13 /* DramaDTOTests.swift */,
				02129614AB57CA475B3BAA3A /* DramaRepositoryTests.swift */,
				130FF3D03461C0F4F4F6CFEF /* UserDefaultsSearchHistoryRepositoryTests.swift */,
			);
			path = DataTests;
			sourceTree = "<group>";
		};
		AB43AAE015F91EB958F73961 /* RepositoryProtocols */ = {
			isa = PBXGroup;
			children = (
				5C3EF62A7F40CC12BF33B4EF /* DramaRepositoryProtocol.swift */,
				66097FA6CD19BC4254CF5FD3 /* EpisodeRepositoryProtocol.swift */,
				D13CF7699FF3B4910D6A0E70 /* SearchHistoryRepositoryProtocol.swift */,
			);
			path = RepositoryProtocols;
			sourceTree = "<group>";
		};
		B6238F8AD097A998B2D985F6 /* Ranking */ = {
			isa = PBXGroup;
			children = (
				557DB433882701799342550E /* RankingRouteBuilder.swift */,
				B86D82CFF111C15639E56B57 /* ViewModels */,
				8FFA683756F66F914027FE69 /* Views */,
			);
			path = Ranking;
			sourceTree = "<group>";
		};
		B7A0DEFF7C42E4B2D7264996 /* Tests */ = {
			isa = PBXGroup;
			children = (
				A4C8279A01024096766E9F94 /* DataTests */,
				373AFB9630DB4CA2979F81FA /* DomainTests */,
				BB4FC30BF3F48514FB4A49FD /* Helpers */,
				ED9268934986ACB6C75CFE67 /* Mocks */,
				CE71CA9B285DFA796741257A /* ViewModelTests */,
			);
			name = Tests;
			path = ShortDrama/Tests;
			sourceTree = "<group>";
		};
		B86D82CFF111C15639E56B57 /* ViewModels */ = {
			isa = PBXGroup;
			children = (
				617B2EB62F7154121BF774BB /* RankingViewModel.swift */,
			);
			path = ViewModels;
			sourceTree = "<group>";
		};
		BB4FC30BF3F48514FB4A49FD /* Helpers */ = {
			isa = PBXGroup;
			children = (
				1794AD940AEAE63739477ECF /* URLProtocolMock.swift */,
			);
			path = Helpers;
			sourceTree = "<group>";
		};
		BEA668A502E788EFD5FC99CA /* DTOs */ = {
			isa = PBXGroup;
			children = (
				5372B132B3E68C2174C902B1 /* BookDramaResponseDTO.swift */,
				50E639F947C5BD1DCFF6153C /* ClassificationTagsResponseDTO.swift */,
				FB3FB4D945EB2BEACB8CA72D /* DramaDTO.swift */,
				B568A8A0FC443A4B32A11559 /* EpisodeDTO.swift */,
				3C46E7CA37973ED6F6A29DA9 /* HotSearchDTO.swift */,
				25229CC1E78F10B92E6B7F8B /* PaginationDTO.swift */,
				DB88579805526FFA853CC986 /* RankingDramaDTO.swift */,
				F3910CDC147064BFD9A8584D /* RankingListResponseDTO.swift */,
			);
			path = DTOs;
			sourceTree = "<group>";
		};
		C02FD6FC61B9C400F839AEDC /* Components */ = {
			isa = PBXGroup;
			children = (
				3F30D0C0DF3748C7547F1D95 /* ClassificationDimensionRail.swift */,
				FB9E1C3A8B7D1E758D2F4125 /* ClassificationGenderTabBar.swift */,
				6507077C1FF8768F5F155728 /* ClassificationStateView.swift */,
				A1C7522C8100006836500702 /* ClassificationTagChip.swift */,
				9578DB4A76CB7938B4853691 /* ClassificationTagSectionList.swift */,
			);
			path = Components;
			sourceTree = "<group>";
		};
		C296BBAC6B43C720D140B466 /* Components */ = {
			isa = PBXGroup;
			children = (
				8623D152FAFFF9587FDC4AC4 /* RankingBookingButton.swift */,
				4C2A1D8B96906243D9D8E49A /* RankingDramaCardView.swift */,
				6588D39C9E67C1E758BB22F1 /* RankingListView.swift */,
				0113C44A97A977BA95989F48 /* RankingMetricView.swift */,
				1AA03853C50274EB87E21EE8 /* RankingPrimaryTabBar.swift */,
				22CF374BCDBA0E608020B698 /* RankingSecondaryTabBar.swift */,
				DFD690D7A558CD14E6E64AE2 /* RankingStateView.swift */,
			);
			path = Components;
			sourceTree = "<group>";
		};
		C3389D739BAABF0220555F00 /* Home */ = {
			isa = PBXGroup;
			children = (
				01DD33D0E943E6836BC4F015 /* ViewModels */,
				FA06E6A1AA8C6D6F1D37E249 /* Views */,
			);
			path = Home;
			sourceTree = "<group>";
		};
		C674B304A52B060BAC2F1460 /* Entities */ = {
			isa = PBXGroup;
			children = (
				A9E7DC4C675D86CF38C22BCF /* BookDramaResult.swift */,
				FF266C1790D0DF790C547E51 /* ClassificationDimension.swift */,
				BE6A0A5668FD0FDA53023A45 /* ClassificationGender.swift */,
				A84F14ED4C6E37966539FAA3 /* ClassificationTagsPayload.swift */,
				34F358FCDF42FEB4A5F51449 /* Drama.swift */,
				36A77D248E5778C63CCF26B7 /* Episode.swift */,
				27A938A7B21FBE36098523B2 /* HotSearchItem.swift */,
				EC5FA853A7A85A5EEFEF8164 /* PagedResult.swift */,
				6A1811111B8E8CBC095CC404 /* QuickEntry.swift */,
				61C504FD1CB0D68EAA2E9C19 /* RankingContentType.swift */,
				4183D6EA8A7B8D1BE9695127 /* RankingDrama.swift */,
				A5F7DFBC972739D4002ABDC0 /* RankingQuery.swift */,
				77E13E7348A0E756F5D51D97 /* RankingType.swift */,
				A3194E2B785D9B3CC34ED3BC /* SearchHistoryItem.swift */,
			);
			path = Entities;
			sourceTree = "<group>";
		};
		CD5886EFCEB48EBBBA0A5426 /* Search */ = {
			isa = PBXGroup;
			children = (
				110F788C9D09C3F55D9E4EEC /* ViewModels */,
				9E84A373F0A9145845A90741 /* Views */,
			);
			path = Search;
			sourceTree = "<group>";
		};
		CE4C9DA2D189D36309A6C02A /* DataSources */ = {
			isa = PBXGroup;
			children = (
				EC4E1CEBECA64159FAFC8F1E /* DramaRemoteDataSource.swift */,
			);
			path = DataSources;
			sourceTree = "<group>";
		};
		CE71CA9B285DFA796741257A /* ViewModelTests */ = {
			isa = PBXGroup;
			children = (
				6A1FDE0030B7F2FEA7695713 /* ClassificationViewModelTests.swift */,
				A57E26C6928F3766118EA976 /* DeeplinkHandlerTests.swift */,
				6B603923ABCD5E312FA3ABA7 /* HomeViewModelTests.swift */,
				E084F9FBA54B4E74BED744C1 /* NavigationRouterTests.swift */,
				A06CA5570703E00706A30373 /* RankingViewModelTests.swift */,
				BD15978E13DCB1043F2BAF45 /* SearchHomeViewModelTests.swift */,
				8DBFA0911822977EA1AC41DD /* SearchResultViewModelTests.swift */,
			);
			path = ViewModelTests;
			sourceTree = "<group>";
		};
		D5EE50E9A1FE6224423E79E5 /* Repositories */ = {
			isa = PBXGroup;
			children = (
				55AEE83531A2526B0E2DC314 /* DramaRepository.swift */,
				1E85F397906C0816D73632C9 /* UserDefaultsSearchHistoryRepository.swift */,
			);
			path = Repositories;
			sourceTree = "<group>";
		};
		D9AE12AB5224AE899867AAA1 /* Config */ = {
			isa = PBXGroup;
			children = (
				40F5FB6EDAFAA733EBFFCFAE /* AppConfig.swift */,
			);
			path = Config;
			sourceTree = "<group>";
		};
		E4F3DE9A8F4998E4D8229ADA /* Classification */ = {
			isa = PBXGroup;
			children = (
				8C58F79F9AF27FB176354288 /* ViewModels */,
				6A9564683F3A1738DB7FB1D4 /* Views */,
			);
			path = Classification;
			sourceTree = "<group>";
		};
		E9EE32F36F88EA9C97F30ABE /* Sources */ = {
			isa = PBXGroup;
			children = (
				FA1DE030363F0CE844863F0D /* App */,
				7D38B485CF8DE670461CBAC6 /* Core */,
				7927D1384394097B8AD5BB71 /* Data */,
				2E2C9723EEAD42F7099A4B1A /* Domain */,
				7F29F9A84D517121795FD84D /* Features */,
			);
			name = Sources;
			path = ShortDrama/Sources;
			sourceTree = "<group>";
		};
		ED9268934986ACB6C75CFE67 /* Mocks */ = {
			isa = PBXGroup;
			children = (
				1CEC02DD2096A9474FE6A5B4 /* MockDramaRepository.swift */,
			);
			path = Mocks;
			sourceTree = "<group>";
		};
		FA06E6A1AA8C6D6F1D37E249 /* Views */ = {
			isa = PBXGroup;
			children = (
				0E9AB69441F3FE4F9621454C /* HomeView.swift */,
				851DA9581288983C9BC099A2 /* Components */,
			);
			path = Views;
			sourceTree = "<group>";
		};
		FA1DE030363F0CE844863F0D /* App */ = {
			isa = PBXGroup;
			children = (
				73C4337E5FCCD8D0164A9B77 /* AppRoute.swift */,
				59FE449EBA66E3DB15CA32B0 /* AppShellView.swift */,
				C24632A9074239EB7F34980B /* AppTab.swift */,
				49B4912E196246343FE36873 /* DeeplinkHandler.swift */,
				AF86673F5E81BF29337DCEAE /* NavigationRouter.swift */,
				2D10B465928C809BE023B3AA /* ShortDramaApp.swift */,
				03178F3FD467F6DD9E17A95F /* TabNavigationHostView.swift */,
			);
			path = App;
			sourceTree = "<group>";
		};
/* End PBXGroup section */

/* Begin PBXNativeTarget section */
		588403632B4B6C3926E8F71B /* ShortDramaTests */ = {
			isa = PBXNativeTarget;
			buildConfigurationList = 4C24FF246FEE09D449188A8C /* Build configuration list for PBXNativeTarget "ShortDramaTests" */;
			buildPhases = (
				EB87EE7D6FF06E0ACFF2E578 /* Sources */,
			);
			buildRules = (
			);
			dependencies = (
				2694727F840E31ECD7A6A7B9 /* PBXTargetDependency */,
			);
			name = ShortDramaTests;
			packageProductDependencies = (
			);
			productName = ShortDramaTests;
			productReference = 6C6E88F39AD1FFDEE65B0EBC /* ShortDramaTests.xctest */;
			productType = "com.apple.product-type.bundle.unit-test";
		};
		DBB0BAE3E16A070F2C875D05 /* ShortDrama */ = {
			isa = PBXNativeTarget;
			buildConfigurationList = 06170503FD85624D24B0EB24 /* Build configuration list for PBXNativeTarget "ShortDrama" */;
			buildPhases = (
				F97AA9B5018A007F85BF35BC /* SwiftLint */,
				CE62C9AE155F3F92450F2DA4 /* Sources */,
			);
			buildRules = (
			);
			dependencies = (
			);
			name = ShortDrama;
			packageProductDependencies = (
			);
			productName = ShortDrama;
			productReference = 69E919CA09B73F78C8960EE8 /* ShortDrama.app */;
			productType = "com.apple.product-type.application";
		};
/* End PBXNativeTarget section */

/* Begin PBXProject section */
		8763F18CA00138849DFFDB70 /* Project object */ = {
			isa = PBXProject;
			attributes = {
				BuildIndependentTargetsInParallel = YES;
				LastUpgradeCheck = 2700;
				TargetAttributes = {
				};
			};
			buildConfigurationList = DBA0ABD903D52BE34D28E3BA /* Build configuration list for PBXProject "ShortDrama" */;
			developmentRegion = en;
			hasScannedForEncodings = 0;
			knownRegions = (
				Base,
				en,
			);
			mainGroup = 4C15D1B5DD1502F7446C0CBA;
			minimizedProjectReferenceProxies = 1;
			preferredProjectObjectVersion = 77;
			productRefGroup = 39CF7E67EDF64CC7743714DD /* Products */;
			projectDirPath = "";
			projectRoot = "";
			targets = (
				DBB0BAE3E16A070F2C875D05 /* ShortDrama */,
				588403632B4B6C3926E8F71B /* ShortDramaTests */,
			);
		};
/* End PBXProject section */

/* Begin PBXShellScriptBuildPhase section */
		F97AA9B5018A007F85BF35BC /* SwiftLint */ = {
			isa = PBXShellScriptBuildPhase;
			alwaysOutOfDate = 1;
			buildActionMask = 2147483647;
			files = (
			);
			inputFileListPaths = (
			);
			inputPaths = (
			);
			name = SwiftLint;
			outputFileListPaths = (
			);
			outputPaths = (
			);
			runOnlyForDeploymentPostprocessing = 0;
			shellPath = /bin/sh;
			shellScript = "if which swiftlint > /dev/null; then\n  swiftlint\nfi\n";
		};
/* End PBXShellScriptBuildPhase section */

/* Begin PBXSourcesBuildPhase section */
		CE62C9AE155F3F92450F2DA4 /* Sources */ = {
			isa = PBXSourcesBuildPhase;
			buildActionMask = 2147483647;
			files = (
				F59AF7EE30E29EE19A666F68 /* APIClient.swift in Sources */,
				2FB8C53A67DDCCD6D04AE532 /* APIEndpoint.swift in Sources */,
				59376C417E446F16B0C2008E /* APIError.swift in Sources */,
				4E530F12F0F3FF51045F2F2F /* AppConfig.swift in Sources */,
				74E008F605B186B2856519D3 /* AppRoute.swift in Sources */,
				C11AB0FFC7138C79655BCD92 /* AppShellView.swift in Sources */,
				280C646A6E918DDFA8FE0776 /* AppTab.swift in Sources */,
				33F0D571812BCC860B0F4B5B /* BookDramaResponseDTO.swift in Sources */,
				B951BCFBA0087D9C468E173C /* BookDramaResult.swift in Sources */,
				5293C06667B0676A8D988145 /* BookDramaUseCase.swift in Sources */,
				29EDDC47E5D86FFE4F8591BE /* ClassificationDimension.swift in Sources */,
				05AEA1CC8A531A693B9D52B8 /* ClassificationDimensionRail.swift in Sources */,
				E9E46C57B93D83F72097E5D8 /* ClassificationGender.swift in Sources */,
				5628489A1BA9545C7FA85750 /* ClassificationGenderTabBar.swift in Sources */,
				1F7B5E61663CFFC793E05636 /* ClassificationHomeView.swift in Sources */,
				64E76037F3CB388B3D683BAE /* ClassificationStateView.swift in Sources */,
				49372AC3870DDBD1C7484696 /* ClassificationTagChip.swift in Sources */,
				A647A9A51D30D7A36C135555 /* ClassificationTagSectionList.swift in Sources */,
				7E83A2928188A9F4F17060C2 /* ClassificationTagsPayload.swift in Sources */,
				3A67F9087AF2205BF6B4F77F /* ClassificationTagsResponseDTO.swift in Sources */,
				9DBCB90B2683730D83382585 /* ClassificationViewModel.swift in Sources */,
				23B213CDFCD2B692BF142618 /* ClearSearchHistoryUseCase.swift in Sources */,
				1386998872F92498026B96F5 /* DeeplinkHandler.swift in Sources */,
				DAA8434FC938F0F056FBF6B5 /* DesignTokens.swift in Sources */,
				AB88635D5557F7DDE27C2E36 /* DiscoveryPlaceholderView.swift in Sources */,
				C9D529DE60A98B54BCFD58D9 /* Drama.swift in Sources */,
				088AB23648F38FD150DEAEA1 /* DramaDTO.swift in Sources */,
				5B1F6F45184D121D9A1A8D5B /* DramaDetailView.swift in Sources */,
				73EBC807E799F4FB7A57B190 /* DramaDetailViewModel.swift in Sources */,
				EBEFFEA53CF2388CF4022DA6 /* DramaRemoteDataSource.swift in Sources */,
				30BEA8E6E0D057F4E6EDB377 /* DramaRepository.swift in Sources */,
				E1021F87084241EA484BF95D /* DramaRepositoryProtocol.swift in Sources */,
				DBFC3DC0D42F0ED3D550080F /* Episode.swift in Sources */,
				ED770A3C641A77368B04BEFE /* EpisodeDTO.swift in Sources */,
				C3FE037C111A8767F7DAA74E /* EpisodeRepositoryProtocol.swift in Sources */,
				019A3071CF80B3A4AD521089 /* FetchClassificationTagsUseCase.swift in Sources */,
				265775812D9932F0FAA068DF /* FetchDramasUseCase.swift in Sources */,
				D1A25DF58FB964B1C63E6A05 /* FetchHotSearchesUseCase.swift in Sources */,
				E54901803DCB7CE4E5849E5A /* FetchRankingsUseCase.swift in Sources */,
				C48DDABC7D1A8A47533E4D87 /* HomeDramaCardView.swift in Sources */,
				2A24E11176FCE195EDECA362 /* HomeView.swift in Sources */,
				F93C5646B05EC138D538FAC0 /* HomeViewModel.swift in Sources */,
				4ADAAA16B24510C87759B380 /* HotSearchDTO.swift in Sources */,
				DB28AB0992D2813322429FA5 /* HotSearchItem.swift in Sources */,
				43567AC515414CF5C10B64C5 /* HotSearchSection.swift in Sources */,
				4B90EFBDEE00D1F5D509D596 /* LoadSearchHistoryUseCase.swift in Sources */,
				98CB956FB1AAE21B4B131EA2 /* NavigationRouter.swift in Sources */,
				DFC8BE26F8610C437BCF104B /* PagedResult.swift in Sources */,
				9A633E174DD7DC459906A782 /* PaginationDTO.swift in Sources */,
				60552E91BC578FB7E4E4DC86 /* PlaceholderTabView.swift in Sources */,
				DD8861D600FAEF2B4FC15517 /* PlayerView.swift in Sources */,
				76021A1EDB45B1EBE4549A8F /* PlayerViewModel.swift in Sources */,
				449522905446D7AF150F837E /* QuickEntry.swift in Sources */,
				123D8AE714A472FB0530ABA2 /* QuickEntryGrid.swift in Sources */,
				85DE60853F8016811741D48E /* RankingBookingButton.swift in Sources */,
				CEC7E17571C550076107EA44 /* RankingContentType.swift in Sources */,
				9A0988D6821E30F57A9D397F /* RankingDrama.swift in Sources */,
				C5550E79388440EAD054EE80 /* RankingDramaCardView.swift in Sources */,
				FA14C5788B88DD0E33A7DA87 /* RankingDramaDTO.swift in Sources */,
				80134487520B5A4C5259F4AC /* RankingHomeView.swift in Sources */,
				6172A2FFD1370C7BDD0F466C /* RankingListResponseDTO.swift in Sources */,
				71E60900898DB3909FF1C927 /* RankingListView.swift in Sources */,
				897DE36AC9E483A9BE1F4DC5 /* RankingMetricView.swift in Sources */,
				EE663D520B117755C59829FA /* RankingPrimaryTabBar.swift in Sources */,
				F1C5988BC4BF170953B4EB75 /* RankingQuery.swift in Sources */,
				E997BD3A2E993F3ED7422D5B /* RankingRouteBuilder.swift in Sources */,
				E931A7348A879CD66A3E9835 /* RankingSecondaryTabBar.swift in Sources */,
				8951BBE361500B86BEB454FE /* RankingStateView.swift in Sources */,
				A5DD3F3169ACBE13B21A7836 /* RankingType.swift in Sources */,
				BBFEB1F93355833ED21D4338 /* RankingViewModel.swift in Sources */,
				4E7D067FC542B25BB5854A03 /* SaveSearchHistoryUseCase.swift in Sources */,
				BEE4D9E94DCED685AFB9A1FC /* SearchBarSection.swift in Sources */,
				19A19097CC43AD73C5084D44 /* SearchDramasUseCase.swift in Sources */,
				841980F15E0DFE99FAB1FE39 /* SearchHistoryItem.swift in Sources */,
				7CC058E552ADC05B6A4E824A /* SearchHistoryRepositoryProtocol.swift in Sources */,
				CF6D77B7ADEF93FC452635D3 /* SearchHistorySection.swift in Sources */,
				8B71372C9384DB3A1D61DFF0 /* SearchHomeView.swift in Sources */,
				C42129CE8C2A397C11828B94 /* SearchHomeViewModel.swift in Sources */,
				CF6DCD0A23DA82C2060FECDD /* SearchResultStateView.swift in Sources */,
				248251D71CE27C5D31C4D846 /* SearchResultView.swift in Sources */,
				986D207589F6A6E17B2BF3F4 /* SearchResultViewModel.swift in Sources */,
				9B45981185002F898B300701 /* ShortDramaApp.swift in Sources */,
				64169BD1EFED18568B4D63B7 /* TabNavigationHostView.swift in Sources */,
				52D455263E56FC3DF29703A0 /* UserDefaultsSearchHistoryRepository.swift in Sources */,
				DCC5C8ED1DD088EBDE626991 /* View+Extensions.swift in Sources */,
			);
			runOnlyForDeploymentPostprocessing = 0;
		};
		EB87EE7D6FF06E0ACFF2E578 /* Sources */ = {
			isa = PBXSourcesBuildPhase;
			buildActionMask = 2147483647;
			files = (
				C49C77FECC1D134E882A052C /* APIClientTests.swift in Sources */,
				574D1F5888F3D2C0135998FF /* APIErrorTests.swift in Sources */,
				E4A058157EEBE77D2B369954 /* AppConfigTests.swift in Sources */,
				CBB1F4CA4E1809460F6B9715 /* ClassificationViewModelTests.swift in Sources */,
				65B1E1EA85746FD2A628C05E /* DTOMappingTests.swift in Sources */,
				DA1594B0D8C064DADCE31CED /* DeeplinkHandlerTests.swift in Sources */,
				925AA6C5ED397E5BB9BAA9C1 /* DramaDTOTests.swift in Sources */,
				BB2CF7CFF63FEBE8ABBB43AF /* DramaRepositoryTests.swift in Sources */,
				50CF4B0EA8AC1A08E204BD16 /* HomeViewModelTests.swift in Sources */,
				464D9AA51F0DEE2D53809E78 /* MockDramaRepository.swift in Sources */,
				86B4C1F4C8D25BACE4C6C1E0 /* NavigationRouterTests.swift in Sources */,
				445E7AFBB313A2DB8B2C4089 /* RankingViewModelTests.swift in Sources */,
				125A62330A9F940289473090 /* SearchHomeViewModelTests.swift in Sources */,
				19B5426AF7BDBB0D84B2AF84 /* SearchResultViewModelTests.swift in Sources */,
				E2DDE85DE310252C90AA91FE /* URLProtocolMock.swift in Sources */,
				CE6645FAF47873C39F981B9C /* UserDefaultsSearchHistoryRepositoryTests.swift in Sources */,
			);
			runOnlyForDeploymentPostprocessing = 0;
		};
/* End PBXSourcesBuildPhase section */

/* Begin PBXTargetDependency section */
		2694727F840E31ECD7A6A7B9 /* PBXTargetDependency */ = {
			isa = PBXTargetDependency;
			target = DBB0BAE3E16A070F2C875D05 /* ShortDrama */;
			targetProxy = 16E4B141BFB612C60B3758D4 /* PBXContainerItemProxy */;
		};
/* End PBXTargetDependency section */

/* Begin XCBuildConfiguration section */
		00597A13D21E08B94F2F1FE0 /* Debug */ = {
			isa = XCBuildConfiguration;
			buildSettings = {
				BUNDLE_LOADER = "$(TEST_HOST)";
				GENERATE_INFOPLIST_FILE = YES;
				LD_RUNPATH_SEARCH_PATHS = (
					"$(inherited)",
					"@executable_path/Frameworks",
					"@loader_path/Frameworks",
				);
				PRODUCT_BUNDLE_IDENTIFIER = com.djs66256.ShortDramaTests;
				SDKROOT = iphoneos;
				TARGETED_DEVICE_FAMILY = "1,2";
				TEST_HOST = "$(BUILT_PRODUCTS_DIR)/ShortDrama.app/ShortDrama";
			};
			name = Debug;
		};
		0CE1A6C5EE90653D70A27DF4 /* Release */ = {
			isa = XCBuildConfiguration;
			buildSettings = {
				BUNDLE_LOADER = "$(TEST_HOST)";
				GENERATE_INFOPLIST_FILE = YES;
				LD_RUNPATH_SEARCH_PATHS = (
					"$(inherited)",
					"@executable_path/Frameworks",
					"@loader_path/Frameworks",
				);
				PRODUCT_BUNDLE_IDENTIFIER = com.djs66256.ShortDramaTests;
				SDKROOT = iphoneos;
				TARGETED_DEVICE_FAMILY = "1,2";
				TEST_HOST = "$(BUILT_PRODUCTS_DIR)/ShortDrama.app/ShortDrama";
			};
			name = Release;
		};
		7A51A585311861F15462C2C5 /* Debug */ = {
			isa = XCBuildConfiguration;
			buildSettings = {
				ASSETCATALOG_COMPILER_APPICON_NAME = AppIcon;
				CODE_SIGN_IDENTITY = "iPhone Developer";
				CURRENT_PROJECT_VERSION = 1;
				ENABLE_USER_SCRIPT_SANDBOXING = NO;
				GENERATE_INFOPLIST_FILE = NO;
				INFOPLIST_FILE = ShortDrama/Resources/Info.plist;
				LD_RUNPATH_SEARCH_PATHS = (
					"$(inherited)",
					"@executable_path/Frameworks",
				);
				MARKETING_VERSION = 0.1.0;
				PRODUCT_BUNDLE_IDENTIFIER = com.djs66256.short_drama;
				SDKROOT = iphoneos;
				TARGETED_DEVICE_FAMILY = "1,2";
			};
			name = Debug;
		};
		ABEFA0B5C97821DAB09FEE8B /* Debug */ = {
			isa = XCBuildConfiguration;
			buildSettings = {
				ALWAYS_SEARCH_USER_PATHS = NO;
				CLANG_ANALYZER_NONNULL = YES;
				CLANG_ANALYZER_NUMBER_OBJECT_CONVERSION = YES_AGGRESSIVE;
				CLANG_CXX_LANGUAGE_STANDARD = "gnu++14";
				CLANG_CXX_LIBRARY = "libc++";
				CLANG_ENABLE_MODULES = YES;
				CLANG_ENABLE_OBJC_ARC = YES;
				CLANG_ENABLE_OBJC_WEAK = YES;
				CLANG_WARN_BLOCK_CAPTURE_AUTORELEASING = YES;
				CLANG_WARN_BOOL_CONVERSION = YES;
				CLANG_WARN_COMMA = YES;
				CLANG_WARN_CONSTANT_CONVERSION = YES;
				CLANG_WARN_DEPRECATED_OBJC_IMPLEMENTATIONS = YES;
				CLANG_WARN_DIRECT_OBJC_ISA_USAGE = YES_ERROR;
				CLANG_WARN_DOCUMENTATION_COMMENTS = YES;
				CLANG_WARN_EMPTY_BODY = YES;
				CLANG_WARN_ENUM_CONVERSION = YES;
				CLANG_WARN_INFINITE_RECURSION = YES;
				CLANG_WARN_INT_CONVERSION = YES;
				CLANG_WARN_NON_LITERAL_NULL_CONVERSION = YES;
				CLANG_WARN_OBJC_IMPLICIT_RETAIN_SELF = YES;
				CLANG_WARN_OBJC_LITERAL_CONVERSION = YES;
				CLANG_WARN_OBJC_ROOT_CLASS = YES_ERROR;
				CLANG_WARN_QUOTED_INCLUDE_IN_FRAMEWORK_HEADER = YES;
				CLANG_WARN_RANGE_LOOP_ANALYSIS = YES;
				CLANG_WARN_STRICT_PROTOTYPES = YES;
				CLANG_WARN_SUSPICIOUS_MOVE = YES;
				CLANG_WARN_UNGUARDED_AVAILABILITY = YES_AGGRESSIVE;
				CLANG_WARN_UNREACHABLE_CODE = YES;
				CLANG_WARN__DUPLICATE_METHOD_MATCH = YES;
				COPY_PHASE_STRIP = NO;
				DEBUG_INFORMATION_FORMAT = dwarf;
				ENABLE_STRICT_OBJC_MSGSEND = YES;
				ENABLE_TESTABILITY = YES;
				GCC_C_LANGUAGE_STANDARD = gnu11;
				GCC_DYNAMIC_NO_PIC = NO;
				GCC_NO_COMMON_BLOCKS = YES;
				GCC_OPTIMIZATION_LEVEL = 0;
				GCC_PREPROCESSOR_DEFINITIONS = (
					"$(inherited)",
					"DEBUG=1",
				);
				GCC_WARN_64_TO_32_BIT_CONVERSION = YES;
				GCC_WARN_ABOUT_RETURN_TYPE = YES_ERROR;
				GCC_WARN_UNDECLARED_SELECTOR = YES;
				GCC_WARN_UNINITIALIZED_AUTOS = YES_AGGRESSIVE;
				GCC_WARN_UNUSED_FUNCTION = YES;
				GCC_WARN_UNUSED_VARIABLE = YES;
				INFOPLIST_FILE = ShortDrama/Resources/Info.plist;
				INFOPLIST_KEY_API_BASE_URL = "$(API_BASE_URL)";
				IPHONEOS_DEPLOYMENT_TARGET = 18.0;
				MTL_ENABLE_DEBUG_INFO = INCLUDE_SOURCE;
				MTL_FAST_MATH = YES;
				ONLY_ACTIVE_ARCH = YES;
				PRODUCT_NAME = "$(TARGET_NAME)";
				SDKROOT = iphoneos;
				SWIFT_ACTIVE_COMPILATION_CONDITIONS = DEBUG;
				SWIFT_OPTIMIZATION_LEVEL = "-Onone";
				SWIFT_VERSION = 6.0;
			};
			name = Debug;
		};
		D60F9C609AA67CD93E2B1F57 /* Release */ = {
			isa = XCBuildConfiguration;
			buildSettings = {
				ALWAYS_SEARCH_USER_PATHS = NO;
				CLANG_ANALYZER_NONNULL = YES;
				CLANG_ANALYZER_NUMBER_OBJECT_CONVERSION = YES_AGGRESSIVE;
				CLANG_CXX_LANGUAGE_STANDARD = "gnu++14";
				CLANG_CXX_LIBRARY = "libc++";
				CLANG_ENABLE_MODULES = YES;
				CLANG_ENABLE_OBJC_ARC = YES;
				CLANG_ENABLE_OBJC_WEAK = YES;
				CLANG_WARN_BLOCK_CAPTURE_AUTORELEASING = YES;
				CLANG_WARN_BOOL_CONVERSION = YES;
				CLANG_WARN_COMMA = YES;
				CLANG_WARN_CONSTANT_CONVERSION = YES;
				CLANG_WARN_DEPRECATED_OBJC_IMPLEMENTATIONS = YES;
				CLANG_WARN_DIRECT_OBJC_ISA_USAGE = YES_ERROR;
				CLANG_WARN_DOCUMENTATION_COMMENTS = YES;
				CLANG_WARN_EMPTY_BODY = YES;
				CLANG_WARN_ENUM_CONVERSION = YES;
				CLANG_WARN_INFINITE_RECURSION = YES;
				CLANG_WARN_INT_CONVERSION = YES;
				CLANG_WARN_NON_LITERAL_NULL_CONVERSION = YES;
				CLANG_WARN_OBJC_IMPLICIT_RETAIN_SELF = YES;
				CLANG_WARN_OBJC_LITERAL_CONVERSION = YES;
				CLANG_WARN_OBJC_ROOT_CLASS = YES_ERROR;
				CLANG_WARN_QUOTED_INCLUDE_IN_FRAMEWORK_HEADER = YES;
				CLANG_WARN_RANGE_LOOP_ANALYSIS = YES;
				CLANG_WARN_STRICT_PROTOTYPES = YES;
				CLANG_WARN_SUSPICIOUS_MOVE = YES;
				CLANG_WARN_UNGUARDED_AVAILABILITY = YES_AGGRESSIVE;
				CLANG_WARN_UNREACHABLE_CODE = YES;
				CLANG_WARN__DUPLICATE_METHOD_MATCH = YES;
				COPY_PHASE_STRIP = NO;
				DEBUG_INFORMATION_FORMAT = "dwarf-with-dsym";
				ENABLE_NS_ASSERTIONS = NO;
				ENABLE_STRICT_OBJC_MSGSEND = YES;
				GCC_C_LANGUAGE_STANDARD = gnu11;
				GCC_NO_COMMON_BLOCKS = YES;
				GCC_WARN_64_TO_32_BIT_CONVERSION = YES;
				GCC_WARN_ABOUT_RETURN_TYPE = YES_ERROR;
				GCC_WARN_UNDECLARED_SELECTOR = YES;
				GCC_WARN_UNINITIALIZED_AUTOS = YES_AGGRESSIVE;
				GCC_WARN_UNUSED_FUNCTION = YES;
				GCC_WARN_UNUSED_VARIABLE = YES;
				INFOPLIST_FILE = ShortDrama/Resources/Info.plist;
				INFOPLIST_KEY_API_BASE_URL = "$(API_BASE_URL)";
				IPHONEOS_DEPLOYMENT_TARGET = 18.0;
				MTL_ENABLE_DEBUG_INFO = NO;
				MTL_FAST_MATH = YES;
				PRODUCT_NAME = "$(TARGET_NAME)";
				SDKROOT = iphoneos;
				SWIFT_COMPILATION_MODE = wholemodule;
				SWIFT_OPTIMIZATION_LEVEL = "-O";
				SWIFT_VERSION = 6.0;
			};
			name = Release;
		};
		E6BA80CA3558FAE06FFF9188 /* Release */ = {
			isa = XCBuildConfiguration;
			buildSettings = {
				ASSETCATALOG_COMPILER_APPICON_NAME = AppIcon;
				CODE_SIGN_IDENTITY = "iPhone Developer";
				CURRENT_PROJECT_VERSION = 1;
				ENABLE_USER_SCRIPT_SANDBOXING = NO;
				GENERATE_INFOPLIST_FILE = NO;
				INFOPLIST_FILE = ShortDrama/Resources/Info.plist;
				LD_RUNPATH_SEARCH_PATHS = (
					"$(inherited)",
					"@executable_path/Frameworks",
				);
				MARKETING_VERSION = 0.1.0;
				PRODUCT_BUNDLE_IDENTIFIER = com.djs66256.short_drama;
				SDKROOT = iphoneos;
				TARGETED_DEVICE_FAMILY = "1,2";
			};
			name = Release;
		};
/* End XCBuildConfiguration section */

/* Begin XCConfigurationList section */
		06170503FD85624D24B0EB24 /* Build configuration list for PBXNativeTarget "ShortDrama" */ = {
			isa = XCConfigurationList;
			buildConfigurations = (
				7A51A585311861F15462C2C5 /* Debug */,
				E6BA80CA3558FAE06FFF9188 /* Release */,
			);
			defaultConfigurationIsVisible = 0;
			defaultConfigurationName = Debug;
		};
		4C24FF246FEE09D449188A8C /* Build configuration list for PBXNativeTarget "ShortDramaTests" */ = {
			isa = XCConfigurationList;
			buildConfigurations = (
				00597A13D21E08B94F2F1FE0 /* Debug */,
				0CE1A6C5EE90653D70A27DF4 /* Release */,
			);
			defaultConfigurationIsVisible = 0;
			defaultConfigurationName = Debug;
		};
		DBA0ABD903D52BE34D28E3BA /* Build configuration list for PBXProject "ShortDrama" */ = {
			isa = XCConfigurationList;
			buildConfigurations = (
				ABEFA0B5C97821DAB09FEE8B /* Debug */,
				D60F9C609AA67CD93E2B1F57 /* Release */,
			);
			defaultConfigurationIsVisible = 0;
			defaultConfigurationName = Debug;
		};
/* End XCConfigurationList section */
	};
	rootObject = 8763F18CA00138849DFFDB70 /* Project object */;
}
