// !$*UTF8*$!
{
	archiveVersion = 1;
	classes = {
	};
	objectVersion = 77;
	objects = {

/* Begin PBXBuildFile section */
		05E429A57D81DC6144DBE868 /* PlayerDTOs.swift in Sources */ = {isa = PBXBuildFile; fileRef = A84EAB62848A342C45C2FF85 /* PlayerDTOs.swift */; };
		078BE83F5C78C16F8DFE8EFA /* PlayerEpisodeDock.swift in Sources */ = {isa = PBXBuildFile; fileRef = 3DD8818CF2A8AA639610B114 /* PlayerEpisodeDock.swift */; };
		088AB23648F38FD150DEAEA1 /* DramaDTO.swift in Sources */ = {isa = PBXBuildFile; fileRef = FB3FB4D945EB2BEACB8CA72D /* DramaDTO.swift */; };
		1218649228DD41CE960AF15A /* PlayerBottomInfoView.swift in Sources */ = {isa = PBXBuildFile; fileRef = 215CDEE8352635765DF60A8E /* PlayerBottomInfoView.swift */; };
		1386998872F92498026B96F5 /* DeeplinkHandler.swift in Sources */ = {isa = PBXBuildFile; fileRef = 49B4912E196246343FE36873 /* DeeplinkHandler.swift */; };
		1396032543A28010DEDF04DE /* PlayerRemoteDataSource.swift in Sources */ = {isa = PBXBuildFile; fileRef = 1218CD15E8909DDDD5394E43 /* PlayerRemoteDataSource.swift */; };
		265775812D9932F0FAA068DF /* FetchDramasUseCase.swift in Sources */ = {isa = PBXBuildFile; fileRef = 0A2D817CAB11819EF49DB1AF /* FetchDramasUseCase.swift */; };
		280C646A6E918DDFA8FE0776 /* AppTab.swift in Sources */ = {isa = PBXBuildFile; fileRef = C24632A9074239EB7F34980B /* AppTab.swift */; };
		2A24E11176FCE195EDECA362 /* HomeView.swift in Sources */ = {isa = PBXBuildFile; fileRef = 0E9AB69441F3FE4F9621454C /* HomeView.swift */; };
		2FB8C53A67DDCCD6D04AE532 /* APIEndpoint.swift in Sources */ = {isa = PBXBuildFile; fileRef = 7E8A7CAF55CB99F42EC09BF0 /* APIEndpoint.swift */; };
		30BEA8E6E0D057F4E6EDB377 /* DramaRepository.swift in Sources */ = {isa = PBXBuildFile; fileRef = 55AEE83531A2526B0E2DC314 /* DramaRepository.swift */; };
		43F8536F332883D4B48B942C /* StopPlaybackUseCase.swift in Sources */ = {isa = PBXBuildFile; fileRef = 49CB9DA1F63D5B58CFAEFF1D /* StopPlaybackUseCase.swift */; };
		464D9AA51F0DEE2D53809E78 /* MockDramaRepository.swift in Sources */ = {isa = PBXBuildFile; fileRef = 1CEC02DD2096A9474FE6A5B4 /* MockDramaRepository.swift */; };
		4E530F12F0F3FF51045F2F2F /* AppConfig.swift in Sources */ = {isa = PBXBuildFile; fileRef = 40F5FB6EDAFAA733EBFFCFAE /* AppConfig.swift */; };
		4F92ABAD603640FAD1E94292 /* PlayerRemoteDataSourceTests.swift in Sources */ = {isa = PBXBuildFile; fileRef = CEB1917DF994759A9B93DA35 /* PlayerRemoteDataSourceTests.swift */; };
		50CF4B0EA8AC1A08E204BD16 /* HomeViewModelTests.swift in Sources */ = {isa = PBXBuildFile; fileRef = 6B603923ABCD5E312FA3ABA7 /* HomeViewModelTests.swift */; };
		574D1F5888F3D2C0135998FF /* APIErrorTests.swift in Sources */ = {isa = PBXBuildFile; fileRef = BE01D9F8E8DCDB672BBE840C /* APIErrorTests.swift */; };
		59376C417E446F16B0C2008E /* APIError.swift in Sources */ = {isa = PBXBuildFile; fileRef = 3D64D5CAB341E1CD6EB762AE /* APIError.swift */; };
		5B1F6F45184D121D9A1A8D5B /* DramaDetailView.swift in Sources */ = {isa = PBXBuildFile; fileRef = 52694B07D9609033E73459F7 /* DramaDetailView.swift */; };
		5C3E76FBBFF219B6F11DDFF9 /* PlayerViewModelTests.swift in Sources */ = {isa = PBXBuildFile; fileRef = 3D69A847ED729F6FEEE28C63 /* PlayerViewModelTests.swift */; };
		60552E91BC578FB7E4E4DC86 /* PlaceholderTabView.swift in Sources */ = {isa = PBXBuildFile; fileRef = 23F08A8FA21CFD88F69374E1 /* PlaceholderTabView.swift */; };
		64169BD1EFED18568B4D63B7 /* TabNavigationHostView.swift in Sources */ = {isa = PBXBuildFile; fileRef = 03178F3FD467F6DD9E17A95F /* TabNavigationHostView.swift */; };
		65B1E1EA85746FD2A628C05E /* DTOMappingTests.swift in Sources */ = {isa = PBXBuildFile; fileRef = 3F324377B3D90BA0C0A91C7F /* DTOMappingTests.swift */; };
		66508D63930295B8F913DC14 /* FetchDramaEpisodesUseCase.swift in Sources */ = {isa = PBXBuildFile; fileRef = 6CEA22A9D944A884B5BA708E /* FetchDramaEpisodesUseCase.swift */; };
		6754898016541453D522586B /* PlaybackSessionStore.swift in Sources */ = {isa = PBXBuildFile; fileRef = 0DA3614140644FEAEFE93181 /* PlaybackSessionStore.swift */; };
		6F47D529CB0B5BDFC719ABCF /* NativeVideoPlayerView.swift in Sources */ = {isa = PBXBuildFile; fileRef = 70EC88E4CE5420F2A0D25185 /* NativeVideoPlayerView.swift */; };
		6F4AB6EB6299678EFE5D4C66 /* PlayerRepository.swift in Sources */ = {isa = PBXBuildFile; fileRef = CF121E91F5231724820D6FA4 /* PlayerRepository.swift */; };
		70D1FFE908AD1BA056B6F814 /* PlayerTopBar.swift in Sources */ = {isa = PBXBuildFile; fileRef = 29A8155D5B48B88E2DE79084 /* PlayerTopBar.swift */; };
		73EBC807E799F4FB7A57B190 /* DramaDetailViewModel.swift in Sources */ = {isa = PBXBuildFile; fileRef = 070F631B3561F1007A8997C7 /* DramaDetailViewModel.swift */; };
		74E008F605B186B2856519D3 /* AppRoute.swift in Sources */ = {isa = PBXBuildFile; fileRef = 73C4337E5FCCD8D0164A9B77 /* AppRoute.swift */; };
		76021A1EDB45B1EBE4549A8F /* PlayerViewModel.swift in Sources */ = {isa = PBXBuildFile; fileRef = 82468013FC371A0EF264F8B0 /* PlayerViewModel.swift */; };
		78C46F17F23E2177AC8F194F /* FetchPlayerProgressUseCase.swift in Sources */ = {isa = PBXBuildFile; fileRef = 8D92BF2D7BD700E9675F8C51 /* FetchPlayerProgressUseCase.swift */; };
		7E1CFE3168212B28670853B3 /* PlayerRepositoryTests.swift in Sources */ = {isa = PBXBuildFile; fileRef = 7D0F9D56BC59FA2D600BDE20 /* PlayerRepositoryTests.swift */; };
		86B4C1F4C8D25BACE4C6C1E0 /* NavigationRouterTests.swift in Sources */ = {isa = PBXBuildFile; fileRef = E084F9FBA54B4E74BED744C1 /* NavigationRouterTests.swift */; };
		90DA3035BE0CFA92F9A33279 /* PlayerRepositoryProtocol.swift in Sources */ = {isa = PBXBuildFile; fileRef = 1372539E0C2FBCEC6E623A60 /* PlayerRepositoryProtocol.swift */; };
		925AA6C5ED397E5BB9BAA9C1 /* DramaDTOTests.swift in Sources */ = {isa = PBXBuildFile; fileRef = FFCC971A5AE37C44AE55FD13 /* DramaDTOTests.swift */; };
		98CB956FB1AAE21B4B131EA2 /* NavigationRouter.swift in Sources */ = {isa = PBXBuildFile; fileRef = AF86673F5E81BF29337DCEAE /* NavigationRouter.swift */; };
		9A633E174DD7DC459906A782 /* PaginationDTO.swift in Sources */ = {isa = PBXBuildFile; fileRef = 25229CC1E78F10B92E6B7F8B /* PaginationDTO.swift */; };
		9B45981185002F898B300701 /* ShortDramaApp.swift in Sources */ = {isa = PBXBuildFile; fileRef = 2D10B465928C809BE023B3AA /* ShortDramaApp.swift */; };
		AA140834ED6F9D49EA0CA47C /* MockPlaybackSessionStore.swift in Sources */ = {isa = PBXBuildFile; fileRef = CB2A455FEA2D72AD0DEED5D8 /* MockPlaybackSessionStore.swift */; };
		B23806F0D5161FF83512BE6D /* PlaybackSessionStoreTests.swift in Sources */ = {isa = PBXBuildFile; fileRef = ED30C3ACD4C501E7BB22413A /* PlaybackSessionStoreTests.swift */; };
		BA05C8D4DB4E008DE0441203 /* StartPlaybackUseCase.swift in Sources */ = {isa = PBXBuildFile; fileRef = 868C5C743F02EA2C96CE9BDE /* StartPlaybackUseCase.swift */; };
		BB2CF7CFF63FEBE8ABBB43AF /* DramaRepositoryTests.swift in Sources */ = {isa = PBXBuildFile; fileRef = 02129614AB57CA475B3BAA3A /* DramaRepositoryTests.swift */; };
		BB4A1BA1D24B9242544EA13B /* PlayerStatusView.swift in Sources */ = {isa = PBXBuildFile; fileRef = B89D1940B04D7BBA4D9288FB /* PlayerStatusView.swift */; };
		BCDB3F0A17EDF218936BC860 /* PlayerRightActionBar.swift in Sources */ = {isa = PBXBuildFile; fileRef = 513419277BC0B3D7ECE94E18 /* PlayerRightActionBar.swift */; };
		C110B862AE52BDFCC69D1FF4 /* MockPlayerRepository.swift in Sources */ = {isa = PBXBuildFile; fileRef = 2F57E15F14AE8245561C7E6C /* MockPlayerRepository.swift */; };
		C11AB0FFC7138C79655BCD92 /* AppShellView.swift in Sources */ = {isa = PBXBuildFile; fileRef = 59FE449EBA66E3DB15CA32B0 /* AppShellView.swift */; };
		C2DB1B7DE18D9DC95B687F6A /* EpisodePickerSheet.swift in Sources */ = {isa = PBXBuildFile; fileRef = B2CA0397F1AE279EF957A0B2 /* EpisodePickerSheet.swift */; };
		C3FE037C111A8767F7DAA74E /* EpisodeRepositoryProtocol.swift in Sources */ = {isa = PBXBuildFile; fileRef = 66097FA6CD19BC4254CF5FD3 /* EpisodeRepositoryProtocol.swift */; };
		C49C77FECC1D134E882A052C /* APIClientTests.swift in Sources */ = {isa = PBXBuildFile; fileRef = 71DAC345C822E4283AB9050A /* APIClientTests.swift */; };
		C9D529DE60A98B54BCFD58D9 /* Drama.swift in Sources */ = {isa = PBXBuildFile; fileRef = 34F358FCDF42FEB4A5F51449 /* Drama.swift */; };
		DA1594B0D8C064DADCE31CED /* DeeplinkHandlerTests.swift in Sources */ = {isa = PBXBuildFile; fileRef = A57E26C6928F3766118EA976 /* DeeplinkHandlerTests.swift */; };
		DAA8434FC938F0F056FBF6B5 /* DesignTokens.swift in Sources */ = {isa = PBXBuildFile; fileRef = 2812171BED0E103FF5462A63 /* DesignTokens.swift */; };
		DBFC3DC0D42F0ED3D550080F /* Episode.swift in Sources */ = {isa = PBXBuildFile; fileRef = 36A77D248E5778C63CCF26B7 /* Episode.swift */; };
		DCC5C8ED1DD088EBDE626991 /* View+Extensions.swift in Sources */ = {isa = PBXBuildFile; fileRef = 6678A127F197D20A6101E32D /* View+Extensions.swift */; };
		DD8861D600FAEF2B4FC15517 /* PlayerView.swift in Sources */ = {isa = PBXBuildFile; fileRef = 876C382615F9AB96597EFE01 /* PlayerView.swift */; };
		E1021F87084241EA484BF95D /* DramaRepositoryProtocol.swift in Sources */ = {isa = PBXBuildFile; fileRef = 5C3EF62A7F40CC12BF33B4EF /* DramaRepositoryProtocol.swift */; };
		E2DDE85DE310252C90AA91FE /* URLProtocolMock.swift in Sources */ = {isa = PBXBuildFile; fileRef = 1794AD940AEAE63739477ECF /* URLProtocolMock.swift */; };
		E4A058157EEBE77D2B369954 /* AppConfigTests.swift in Sources */ = {isa = PBXBuildFile; fileRef = 987683F8C0805C22F4B8F618 /* AppConfigTests.swift */; };
		E5DC330FB51730C1FF9DA20E /* PlayerModels.swift in Sources */ = {isa = PBXBuildFile; fileRef = EC2FD9955A8E7FA3A00C780C /* PlayerModels.swift */; };
		EBEFFEA53CF2388CF4022DA6 /* DramaRemoteDataSource.swift in Sources */ = {isa = PBXBuildFile; fileRef = EC4E1CEBECA64159FAFC8F1E /* DramaRemoteDataSource.swift */; };
		ED770A3C641A77368B04BEFE /* EpisodeDTO.swift in Sources */ = {isa = PBXBuildFile; fileRef = B568A8A0FC443A4B32A11559 /* EpisodeDTO.swift */; };
		F59AF7EE30E29EE19A666F68 /* APIClient.swift in Sources */ = {isa = PBXBuildFile; fileRef = 8149629279CB27F44BDB2080 /* APIClient.swift */; };
		F93C5646B05EC138D538FAC0 /* HomeViewModel.swift in Sources */ = {isa = PBXBuildFile; fileRef = ED502C63020760EBCE411D37 /* HomeViewModel.swift */; };
/* End PBXBuildFile section */

/* Begin PBXContainerItemProxy section */
		16E4B141BFB612C60B3758D4 /* PBXContainerItemProxy */ = {
			isa = PBXContainerItemProxy;
			containerPortal = 8763F18CA00138849DFFDB70 /* Project object */;
			proxyType = 1;
			remoteGlobalIDString = DBB0BAE3E16A070F2C875D05;
			remoteInfo = ShortDrama;
		};
/* End PBXContainerItemProxy section */

/* Begin PBXFileReference section */
		02129614AB57CA475B3BAA3A /* DramaRepositoryTests.swift */ = {isa = PBXFileReference; lastKnownFileType = sourcecode.swift; path = DramaRepositoryTests.swift; sourceTree = "<group>"; };
		03178F3FD467F6DD9E17A95F /* TabNavigationHostView.swift */ = {isa = PBXFileReference; lastKnownFileType = sourcecode.swift; path = TabNavigationHostView.swift; sourceTree = "<group>"; };
		070F631B3561F1007A8997C7 /* DramaDetailViewModel.swift */ = {isa = PBXFileReference; lastKnownFileType = sourcecode.swift; path = DramaDetailViewModel.swift; sourceTree = "<group>"; };
		0A2D817CAB11819EF49DB1AF /* FetchDramasUseCase.swift */ = {isa = PBXFileReference; lastKnownFileType = sourcecode.swift; path = FetchDramasUseCase.swift; sourceTree = "<group>"; };
		0DA3614140644FEAEFE93181 /* PlaybackSessionStore.swift */ = {isa = PBXFileReference; lastKnownFileType = sourcecode.swift; path = PlaybackSessionStore.swift; sourceTree = "<group>"; };
		0E9AB69441F3FE4F9621454C /* HomeView.swift */ = {isa = PBXFileReference; lastKnownFileType = sourcecode.swift; path = HomeView.swift; sourceTree = "<group>"; };
		1218CD15E8909DDDD5394E43 /* PlayerRemoteDataSource.swift */ = {isa = PBXFileReference; lastKnownFileType = sourcecode.swift; path = PlayerRemoteDataSource.swift; sourceTree = "<group>"; };
		1372539E0C2FBCEC6E623A60 /* PlayerRepositoryProtocol.swift */ = {isa = PBXFileReference; lastKnownFileType = sourcecode.swift; path = PlayerRepositoryProtocol.swift; sourceTree = "<group>"; };
		1794AD940AEAE63739477ECF /* URLProtocolMock.swift */ = {isa = PBXFileReference; lastKnownFileType = sourcecode.swift; path = URLProtocolMock.swift; sourceTree = "<group>"; };
		1CEC02DD2096A9474FE6A5B4 /* MockDramaRepository.swift */ = {isa = PBXFileReference; lastKnownFileType = sourcecode.swift; path = MockDramaRepository.swift; sourceTree = "<group>"; };
		215CDEE8352635765DF60A8E /* PlayerBottomInfoView.swift */ = {isa = PBXFileReference; lastKnownFileType = sourcecode.swift; path = PlayerBottomInfoView.swift; sourceTree = "<group>"; };
		23F08A8FA21CFD88F69374E1 /* PlaceholderTabView.swift */ = {isa = PBXFileReference; lastKnownFileType = sourcecode.swift; path = PlaceholderTabView.swift; sourceTree = "<group>"; };
		25229CC1E78F10B92E6B7F8B /* PaginationDTO.swift */ = {isa = PBXFileReference; lastKnownFileType = sourcecode.swift; path = PaginationDTO.swift; sourceTree = "<group>"; };
		2812171BED0E103FF5462A63 /* DesignTokens.swift */ = {isa = PBXFileReference; lastKnownFileType = sourcecode.swift; path = DesignTokens.swift; sourceTree = "<group>"; };
		29A8155D5B48B88E2DE79084 /* PlayerTopBar.swift */ = {isa = PBXFileReference; lastKnownFileType = sourcecode.swift; path = PlayerTopBar.swift; sourceTree = "<group>"; };
		2D10B465928C809BE023B3AA /* ShortDramaApp.swift */ = {isa = PBXFileReference; lastKnownFileType = sourcecode.swift; path = ShortDramaApp.swift; sourceTree = "<group>"; };
		2F57E15F14AE8245561C7E6C /* MockPlayerRepository.swift */ = {isa = PBXFileReference; lastKnownFileType = sourcecode.swift; path = MockPlayerRepository.swift; sourceTree = "<group>"; };
		34F358FCDF42FEB4A5F51449 /* Drama.swift */ = {isa = PBXFileReference; lastKnownFileType = sourcecode.swift; path = Drama.swift; sourceTree = "<group>"; };
		36A77D248E5778C63CCF26B7 /* Episode.swift */ = {isa = PBXFileReference; lastKnownFileType = sourcecode.swift; path = Episode.swift; sourceTree = "<group>"; };
		3D64D5CAB341E1CD6EB762AE /* APIError.swift */ = {isa = PBXFileReference; lastKnownFileType = sourcecode.swift; path = APIError.swift; sourceTree = "<group>"; };
		3D69A847ED729F6FEEE28C63 /* PlayerViewModelTests.swift */ = {isa = PBXFileReference; lastKnownFileType = sourcecode.swift; path = PlayerViewModelTests.swift; sourceTree = "<group>"; };
		3DD8818CF2A8AA639610B114 /* PlayerEpisodeDock.swift */ = {isa = PBXFileReference; lastKnownFileType = sourcecode.swift; path = PlayerEpisodeDock.swift; sourceTree = "<group>"; };
		3F324377B3D90BA0C0A91C7F /* DTOMappingTests.swift */ = {isa = PBXFileReference; lastKnownFileType = sourcecode.swift; path = DTOMappingTests.swift; sourceTree = "<group>"; };
		40F5FB6EDAFAA733EBFFCFAE /* AppConfig.swift */ = {isa = PBXFileReference; lastKnownFileType = sourcecode.swift; path = AppConfig.swift; sourceTree = "<group>"; };
		49B4912E196246343FE36873 /* DeeplinkHandler.swift */ = {isa = PBXFileReference; lastKnownFileType = sourcecode.swift; path = DeeplinkHandler.swift; sourceTree = "<group>"; };
		49CB9DA1F63D5B58CFAEFF1D /* StopPlaybackUseCase.swift */ = {isa = PBXFileReference; lastKnownFileType = sourcecode.swift; path = StopPlaybackUseCase.swift; sourceTree = "<group>"; };
		513419277BC0B3D7ECE94E18 /* PlayerRightActionBar.swift */ = {isa = PBXFileReference; lastKnownFileType = sourcecode.swift; path = PlayerRightActionBar.swift; sourceTree = "<group>"; };
		52694B07D9609033E73459F7 /* DramaDetailView.swift */ = {isa = PBXFileReference; lastKnownFileType = sourcecode.swift; path = DramaDetailView.swift; sourceTree = "<group>"; };
		55AEE83531A2526B0E2DC314 /* DramaRepository.swift */ = {isa = PBXFileReference; lastKnownFileType = sourcecode.swift; path = DramaRepository.swift; sourceTree = "<group>"; };
		59FE449EBA66E3DB15CA32B0 /* AppShellView.swift */ = {isa = PBXFileReference; lastKnownFileType = sourcecode.swift; path = AppShellView.swift; sourceTree = "<group>"; };
		5C3EF62A7F40CC12BF33B4EF /* DramaRepositoryProtocol.swift */ = {isa = PBXFileReference; lastKnownFileType = sourcecode.swift; path = DramaRepositoryProtocol.swift; sourceTree = "<group>"; };
		66097FA6CD19BC4254CF5FD3 /* EpisodeRepositoryProtocol.swift */ = {isa = PBXFileReference; lastKnownFileType = sourcecode.swift; path = EpisodeRepositoryProtocol.swift; sourceTree = "<group>"; };
		6678A127F197D20A6101E32D /* View+Extensions.swift */ = {isa = PBXFileReference; lastKnownFileType = sourcecode.swift; path = "View+Extensions.swift"; sourceTree = "<group>"; };
		69E919CA09B73F78C8960EE8 /* ShortDrama.app */ = {isa = PBXFileReference; includeInIndex = 0; lastKnownFileType = wrapper.application; path = ShortDrama.app; sourceTree = BUILT_PRODUCTS_DIR; };
		6B603923ABCD5E312FA3ABA7 /* HomeViewModelTests.swift */ = {isa = PBXFileReference; lastKnownFileType = sourcecode.swift; path = HomeViewModelTests.swift; sourceTree = "<group>"; };
		6C6E88F39AD1FFDEE65B0EBC /* ShortDramaTests.xctest */ = {isa = PBXFileReference; includeInIndex = 0; lastKnownFileType = wrapper.cfbundle; path = ShortDramaTests.xctest; sourceTree = BUILT_PRODUCTS_DIR; };
		6CEA22A9D944A884B5BA708E /* FetchDramaEpisodesUseCase.swift */ = {isa = PBXFileReference; lastKnownFileType = sourcecode.swift; path = FetchDramaEpisodesUseCase.swift; sourceTree = "<group>"; };
		70EC88E4CE5420F2A0D25185 /* NativeVideoPlayerView.swift */ = {isa = PBXFileReference; lastKnownFileType = sourcecode.swift; path = NativeVideoPlayerView.swift; sourceTree = "<group>"; };
		71DAC345C822E4283AB9050A /* APIClientTests.swift */ = {isa = PBXFileReference; lastKnownFileType = sourcecode.swift; path = APIClientTests.swift; sourceTree = "<group>"; };
		73C4337E5FCCD8D0164A9B77 /* AppRoute.swift */ = {isa = PBXFileReference; lastKnownFileType = sourcecode.swift; path = AppRoute.swift; sourceTree = "<group>"; };
		7D0F9D56BC59FA2D600BDE20 /* PlayerRepositoryTests.swift */ = {isa = PBXFileReference; lastKnownFileType = sourcecode.swift; path = PlayerRepositoryTests.swift; sourceTree = "<group>"; };
		7E8A7CAF55CB99F42EC09BF0 /* APIEndpoint.swift */ = {isa = PBXFileReference; lastKnownFileType = sourcecode.swift; path = APIEndpoint.swift; sourceTree = "<group>"; };
		8149629279CB27F44BDB2080 /* APIClient.swift */ = {isa = PBXFileReference; lastKnownFileType = sourcecode.swift; path = APIClient.swift; sourceTree = "<group>"; };
		82468013FC371A0EF264F8B0 /* PlayerViewModel.swift */ = {isa = PBXFileReference; lastKnownFileType = sourcecode.swift; path = PlayerViewModel.swift; sourceTree = "<group>"; };
		868C5C743F02EA2C96CE9BDE /* StartPlaybackUseCase.swift */ = {isa = PBXFileReference; lastKnownFileType = sourcecode.swift; path = StartPlaybackUseCase.swift; sourceTree = "<group>"; };
		876C382615F9AB96597EFE01 /* PlayerView.swift */ = {isa = PBXFileReference; lastKnownFileType = sourcecode.swift; path = PlayerView.swift; sourceTree = "<group>"; };
		8D92BF2D7BD700E9675F8C51 /* FetchPlayerProgressUseCase.swift */ = {isa = PBXFileReference; lastKnownFileType = sourcecode.swift; path = FetchPlayerProgressUseCase.swift; sourceTree = "<group>"; };
		987683F8C0805C22F4B8F618 /* AppConfigTests.swift */ = {isa = PBXFileReference; lastKnownFileType = sourcecode.swift; path = AppConfigTests.swift; sourceTree = "<group>"; };
		A57E26C6928F3766118EA976 /* DeeplinkHandlerTests.swift */ = {isa = PBXFileReference; lastKnownFileType = sourcecode.swift; path = DeeplinkHandlerTests.swift; sourceTree = "<group>"; };
		A84EAB62848A342C45C2FF85 /* PlayerDTOs.swift */ = {isa = PBXFileReference; lastKnownFileType = sourcecode.swift; path = PlayerDTOs.swift; sourceTree = "<group>"; };
		AF86673F5E81BF29337DCEAE /* NavigationRouter.swift */ = {isa = PBXFileReference; lastKnownFileType = sourcecode.swift; path = NavigationRouter.swift; sourceTree = "<group>"; };
		B2CA0397F1AE279EF957A0B2 /* EpisodePickerSheet.swift */ = {isa = PBXFileReference; lastKnownFileType = sourcecode.swift; path = EpisodePickerSheet.swift; sourceTree = "<group>"; };
		B568A8A0FC443A4B32A11559 /* EpisodeDTO.swift */ = {isa = PBXFileReference; lastKnownFileType = sourcecode.swift; path = EpisodeDTO.swift; sourceTree = "<group>"; };
		B89D1940B04D7BBA4D9288FB /* PlayerStatusView.swift */ = {isa = PBXFileReference; lastKnownFileType = sourcecode.swift; path = PlayerStatusView.swift; sourceTree = "<group>"; };
		BE01D9F8E8DCDB672BBE840C /* APIErrorTests.swift */ = {isa = PBXFileReference; lastKnownFileType = sourcecode.swift; path = APIErrorTests.swift; sourceTree = "<group>"; };
		C24632A9074239EB7F34980B /* AppTab.swift */ = {isa = PBXFileReference; lastKnownFileType = sourcecode.swift; path = AppTab.swift; sourceTree = "<group>"; };
		CB2A455FEA2D72AD0DEED5D8 /* MockPlaybackSessionStore.swift */ = {isa = PBXFileReference; lastKnownFileType = sourcecode.swift; path = MockPlaybackSessionStore.swift; sourceTree = "<group>"; };
		CEB1917DF994759A9B93DA35 /* PlayerRemoteDataSourceTests.swift */ = {isa = PBXFileReference; lastKnownFileType = sourcecode.swift; path = PlayerRemoteDataSourceTests.swift; sourceTree = "<group>"; };
		CF121E91F5231724820D6FA4 /* PlayerRepository.swift */ = {isa = PBXFileReference; lastKnownFileType = sourcecode.swift; path = PlayerRepository.swift; sourceTree = "<group>"; };
		E084F9FBA54B4E74BED744C1 /* NavigationRouterTests.swift */ = {isa = PBXFileReference; lastKnownFileType = sourcecode.swift; path = NavigationRouterTests.swift; sourceTree = "<group>"; };
		EC2FD9955A8E7FA3A00C780C /* PlayerModels.swift */ = {isa = PBXFileReference; lastKnownFileType = sourcecode.swift; path = PlayerModels.swift; sourceTree = "<group>"; };
		EC4E1CEBECA64159FAFC8F1E /* DramaRemoteDataSource.swift */ = {isa = PBXFileReference; lastKnownFileType = sourcecode.swift; path = DramaRemoteDataSource.swift; sourceTree = "<group>"; };
		ED30C3ACD4C501E7BB22413A /* PlaybackSessionStoreTests.swift */ = {isa = PBXFileReference; lastKnownFileType = sourcecode.swift; path = PlaybackSessionStoreTests.swift; sourceTree = "<group>"; };
		ED502C63020760EBCE411D37 /* HomeViewModel.swift */ = {isa = PBXFileReference; lastKnownFileType = sourcecode.swift; path = HomeViewModel.swift; sourceTree = "<group>"; };
		FB3FB4D945EB2BEACB8CA72D /* DramaDTO.swift */ = {isa = PBXFileReference; lastKnownFileType = sourcecode.swift; path = DramaDTO.swift; sourceTree = "<group>"; };
		FFCC971A5AE37C44AE55FD13 /* DramaDTOTests.swift */ = {isa = PBXFileReference; lastKnownFileType = sourcecode.swift; path = DramaDTOTests.swift; sourceTree = "<group>"; };
/* End PBXFileReference section */

/* Begin PBXGroup section */
		01DD33D0E943E6836BC4F015 /* ViewModels */ = {
			isa = PBXGroup;
			children = (
				ED502C63020760EBCE411D37 /* HomeViewModel.swift */,
			);
			path = ViewModels;
			sourceTree = "<group>";
		};
		0736C6BE4D9A6ED5B4ECBABD /* Player */ = {
			isa = PBXGroup;
			children = (
				7C202E56537FD629BD6BEEE1 /* ViewModels */,
				61AC58A839BD3C53F20E7770 /* Views */,
			);
			path = Player;
			sourceTree = "<group>";
		};
		2E2C9723EEAD42F7099A4B1A /* Domain */ = {
			isa = PBXGroup;
			children = (
				C674B304A52B060BAC2F1460 /* Entities */,
				AB43AAE015F91EB958F73961 /* RepositoryProtocols */,
				48533029ABFAE3B1CDB46C2D /* UseCases */,
			);
			path = Domain;
			sourceTree = "<group>";
		};
		373AFB9630DB4CA2979F81FA /* DomainTests */ = {
			isa = PBXGroup;
			children = (
				987683F8C0805C22F4B8F618 /* AppConfigTests.swift */,
				3F324377B3D90BA0C0A91C7F /* DTOMappingTests.swift */,
				ED30C3ACD4C501E7BB22413A /* PlaybackSessionStoreTests.swift */,
			);
			path = DomainTests;
			sourceTree = "<group>";
		};
		38036946E0DAB216E5B1A2FE /* Storage */ = {
			isa = PBXGroup;
			children = (
				0DA3614140644FEAEFE93181 /* PlaybackSessionStore.swift */,
			);
			path = Storage;
			sourceTree = "<group>";
		};
		3853F09B9ADD3F44F2151607 /* Views */ = {
			isa = PBXGroup;
			children = (
				52694B07D9609033E73459F7 /* DramaDetailView.swift */,
			);
			path = Views;
			sourceTree = "<group>";
		};
		39CF7E67EDF64CC7743714DD /* Products */ = {
			isa = PBXGroup;
			children = (
				69E919CA09B73F78C8960EE8 /* ShortDrama.app */,
				6C6E88F39AD1FFDEE65B0EBC /* ShortDramaTests.xctest */,
			);
			name = Products;
			sourceTree = "<group>";
		};
		4512653B8B850B5C631C54B7 /* Views */ = {
			isa = PBXGroup;
			children = (
				23F08A8FA21CFD88F69374E1 /* PlaceholderTabView.swift */,
			);
			path = Views;
			sourceTree = "<group>";
		};
		48533029ABFAE3B1CDB46C2D /* UseCases */ = {
			isa = PBXGroup;
			children = (
				6CEA22A9D944A884B5BA708E /* FetchDramaEpisodesUseCase.swift */,
				0A2D817CAB11819EF49DB1AF /* FetchDramasUseCase.swift */,
				8D92BF2D7BD700E9675F8C51 /* FetchPlayerProgressUseCase.swift */,
				868C5C743F02EA2C96CE9BDE /* StartPlaybackUseCase.swift */,
				49CB9DA1F63D5B58CFAEFF1D /* StopPlaybackUseCase.swift */,
			);
			path = UseCases;
			sourceTree = "<group>";
		};
		49F81455BFDF8F12DB44ADFA /* Shell */ = {
			isa = PBXGroup;
			children = (
				4512653B8B850B5C631C54B7 /* Views */,
			);
			path = Shell;
			sourceTree = "<group>";
		};
		4C15D1B5DD1502F7446C0CBA = {
			isa = PBXGroup;
			children = (
				E9EE32F36F88EA9C97F30ABE /* Sources */,
				B7A0DEFF7C42E4B2D7264996 /* Tests */,
				39CF7E67EDF64CC7743714DD /* Products */,
			);
			sourceTree = "<group>";
		};
		588940852491B394389F29B1 /* Components */ = {
			isa = PBXGroup;
			children = (
				B2CA0397F1AE279EF957A0B2 /* EpisodePickerSheet.swift */,
				70EC88E4CE5420F2A0D25185 /* NativeVideoPlayerView.swift */,
				215CDEE8352635765DF60A8E /* PlayerBottomInfoView.swift */,
				3DD8818CF2A8AA639610B114 /* PlayerEpisodeDock.swift */,
				513419277BC0B3D7ECE94E18 /* PlayerRightActionBar.swift */,
				B89D1940B04D7BBA4D9288FB /* PlayerStatusView.swift */,
				29A8155D5B48B88E2DE79084 /* PlayerTopBar.swift */,
			);
			path = Components;
			sourceTree = "<group>";
		};
		60F3B9A62DE83BB1587A4AEB /* DramaDetail */ = {
			isa = PBXGroup;
			children = (
				81E707D7AF91DE4590D45E52 /* ViewModels */,
				3853F09B9ADD3F44F2151607 /* Views */,
			);
			path = DramaDetail;
			sourceTree = "<group>";
		};
		61AC58A839BD3C53F20E7770 /* Views */ = {
			isa = PBXGroup;
			children = (
				876C382615F9AB96597EFE01 /* PlayerView.swift */,
				588940852491B394389F29B1 /* Components */,
			);
			path = Views;
			sourceTree = "<group>";
		};
		6B28962B65CCE6289FFBCE4A /* Network */ = {
			isa = PBXGroup;
			children = (
				8149629279CB27F44BDB2080 /* APIClient.swift */,
				7E8A7CAF55CB99F42EC09BF0 /* APIEndpoint.swift */,
				3D64D5CAB341E1CD6EB762AE /* APIError.swift */,
			);
			path = Network;
			sourceTree = "<group>";
		};
		7927D1384394097B8AD5BB71 /* Data */ = {
			isa = PBXGroup;
			children = (
				CE4C9DA2D189D36309A6C02A /* DataSources */,
				BEA668A502E788EFD5FC99CA /* DTOs */,
				D5EE50E9A1FE6224423E79E5 /* Repositories */,
			);
			path = Data;
			sourceTree = "<group>";
		};
		7C202E56537FD629BD6BEEE1 /* ViewModels */ = {
			isa = PBXGroup;
			children = (
				82468013FC371A0EF264F8B0 /* PlayerViewModel.swift */,
			);
			path = ViewModels;
			sourceTree = "<group>";
		};
		7D38B485CF8DE670461CBAC6 /* Core */ = {
			isa = PBXGroup;
			children = (
				D9AE12AB5224AE899867AAA1 /* Config */,
				8466D6ABEC87EA5C0AE05BEB /* DesignSystem */,
				80FC323035C644FF42DA5264 /* Extensions */,
				6B28962B65CCE6289FFBCE4A /* Network */,
				38036946E0DAB216E5B1A2FE /* Storage */,
			);
			path = Core;
			sourceTree = "<group>";
		};
		7F29F9A84D517121795FD84D /* Features */ = {
			isa = PBXGroup;
			children = (
				60F3B9A62DE83BB1587A4AEB /* DramaDetail */,
				C3389D739BAABF0220555F00 /* Home */,
				0736C6BE4D9A6ED5B4ECBABD /* Player */,
				49F81455BFDF8F12DB44ADFA /* Shell */,
			);
			path = Features;
			sourceTree = "<group>";
		};
		80FC323035C644FF42DA5264 /* Extensions */ = {
			isa = PBXGroup;
			children = (
				6678A127F197D20A6101E32D /* View+Extensions.swift */,
			);
			path = Extensions;
			sourceTree = "<group>";
		};
		81E707D7AF91DE4590D45E52 /* ViewModels */ = {
			isa = PBXGroup;
			children = (
				070F631B3561F1007A8997C7 /* DramaDetailViewModel.swift */,
			);
			path = ViewModels;
			sourceTree = "<group>";
		};
		8466D6ABEC87EA5C0AE05BEB /* DesignSystem */ = {
			isa = PBXGroup;
			children = (
				2812171BED0E103FF5462A63 /* DesignTokens.swift */,
			);
			path = DesignSystem;
			sourceTree = "<group>";
		};
		A4C8279A01024096766E9F94 /* DataTests */ = {
			isa = PBXGroup;
			children = (
				71DAC345C822E4283AB9050A /* APIClientTests.swift */,
				BE01D9F8E8DCDB672BBE840C /* APIErrorTests.swift */,
				FFCC971A5AE37C44AE55FD13 /* DramaDTOTests.swift */,
				02129614AB57CA475B3BAA3A /* DramaRepositoryTests.swift */,
				CEB1917DF994759A9B93DA35 /* PlayerRemoteDataSourceTests.swift */,
				7D0F9D56BC59FA2D600BDE20 /* PlayerRepositoryTests.swift */,
			);
			path = DataTests;
			sourceTree = "<group>";
		};
		AB43AAE015F91EB958F73961 /* RepositoryProtocols */ = {
			isa = PBXGroup;
			children = (
				5C3EF62A7F40CC12BF33B4EF /* DramaRepositoryProtocol.swift */,
				66097FA6CD19BC4254CF5FD3 /* EpisodeRepositoryProtocol.swift */,
				1372539E0C2FBCEC6E623A60 /* PlayerRepositoryProtocol.swift */,
			);
			path = RepositoryProtocols;
			sourceTree = "<group>";
		};
		B7A0DEFF7C42E4B2D7264996 /* Tests */ = {
			isa = PBXGroup;
			children = (
				A4C8279A01024096766E9F94 /* DataTests */,
				373AFB9630DB4CA2979F81FA /* DomainTests */,
				BB4FC30BF3F48514FB4A49FD /* Helpers */,
				ED9268934986ACB6C75CFE67 /* Mocks */,
				CE71CA9B285DFA796741257A /* ViewModelTests */,
			);
			name = Tests;
			path = ShortDrama/Tests;
			sourceTree = "<group>";
		};
		BB4FC30BF3F48514FB4A49FD /* Helpers */ = {
			isa = PBXGroup;
			children = (
				1794AD940AEAE63739477ECF /* URLProtocolMock.swift */,
			);
			path = Helpers;
			sourceTree = "<group>";
		};
		BEA668A502E788EFD5FC99CA /* DTOs */ = {
			isa = PBXGroup;
			children = (
				FB3FB4D945EB2BEACB8CA72D /* DramaDTO.swift */,
				B568A8A0FC443A4B32A11559 /* EpisodeDTO.swift */,
				25229CC1E78F10B92E6B7F8B /* PaginationDTO.swift */,
				A84EAB62848A342C45C2FF85 /* PlayerDTOs.swift */,
			);
			path = DTOs;
			sourceTree = "<group>";
		};
		C3389D739BAABF0220555F00 /* Home */ = {
			isa = PBXGroup;
			children = (
				01DD33D0E943E6836BC4F015 /* ViewModels */,
				FA06E6A1AA8C6D6F1D37E249 /* Views */,
			);
			path = Home;
			sourceTree = "<group>";
		};
		C674B304A52B060BAC2F1460 /* Entities */ = {
			isa = PBXGroup;
			children = (
				34F358FCDF42FEB4A5F51449 /* Drama.swift */,
				36A77D248E5778C63CCF26B7 /* Episode.swift */,
				EC2FD9955A8E7FA3A00C780C /* PlayerModels.swift */,
			);
			path = Entities;
			sourceTree = "<group>";
		};
		CE4C9DA2D189D36309A6C02A /* DataSources */ = {
			isa = PBXGroup;
			children = (
				EC4E1CEBECA64159FAFC8F1E /* DramaRemoteDataSource.swift */,
				1218CD15E8909DDDD5394E43 /* PlayerRemoteDataSource.swift */,
			);
			path = DataSources;
			sourceTree = "<group>";
		};
		CE71CA9B285DFA796741257A /* ViewModelTests */ = {
			isa = PBXGroup;
			children = (
				A57E26C6928F3766118EA976 /* DeeplinkHandlerTests.swift */,
				6B603923ABCD5E312FA3ABA7 /* HomeViewModelTests.swift */,
				E084F9FBA54B4E74BED744C1 /* NavigationRouterTests.swift */,
				3D69A847ED729F6FEEE28C63 /* PlayerViewModelTests.swift */,
			);
			path = ViewModelTests;
			sourceTree = "<group>";
		};
		D5EE50E9A1FE6224423E79E5 /* Repositories */ = {
			isa = PBXGroup;
			children = (
				55AEE83531A2526B0E2DC314 /* DramaRepository.swift */,
				CF121E91F5231724820D6FA4 /* PlayerRepository.swift */,
			);
			path = Repositories;
			sourceTree = "<group>";
		};
		D9AE12AB5224AE899867AAA1 /* Config */ = {
			isa = PBXGroup;
			children = (
				40F5FB6EDAFAA733EBFFCFAE /* AppConfig.swift */,
			);
			path = Config;
			sourceTree = "<group>";
		};
		E9EE32F36F88EA9C97F30ABE /* Sources */ = {
			isa = PBXGroup;
			children = (
				FA1DE030363F0CE844863F0D /* App */,
				7D38B485CF8DE670461CBAC6 /* Core */,
				7927D1384394097B8AD5BB71 /* Data */,
				2E2C9723EEAD42F7099A4B1A /* Domain */,
				7F29F9A84D517121795FD84D /* Features */,
			);
			name = Sources;
			path = ShortDrama/Sources;
			sourceTree = "<group>";
		};
		ED9268934986ACB6C75CFE67 /* Mocks */ = {
			isa = PBXGroup;
			children = (
				1CEC02DD2096A9474FE6A5B4 /* MockDramaRepository.swift */,
				CB2A455FEA2D72AD0DEED5D8 /* MockPlaybackSessionStore.swift */,
				2F57E15F14AE8245561C7E6C /* MockPlayerRepository.swift */,
			);
			path = Mocks;
			sourceTree = "<group>";
		};
		FA06E6A1AA8C6D6F1D37E249 /* Views */ = {
			isa = PBXGroup;
			children = (
				0E9AB69441F3FE4F9621454C /* HomeView.swift */,
			);
			path = Views;
			sourceTree = "<group>";
		};
		FA1DE030363F0CE844863F0D /* App */ = {
			isa = PBXGroup;
			children = (
				73C4337E5FCCD8D0164A9B77 /* AppRoute.swift */,
				59FE449EBA66E3DB15CA32B0 /* AppShellView.swift */,
				C24632A9074239EB7F34980B /* AppTab.swift */,
				49B4912E196246343FE36873 /* DeeplinkHandler.swift */,
				AF86673F5E81BF29337DCEAE /* NavigationRouter.swift */,
				2D10B465928C809BE023B3AA /* ShortDramaApp.swift */,
				03178F3FD467F6DD9E17A95F /* TabNavigationHostView.swift */,
			);
			path = App;
			sourceTree = "<group>";
		};
/* End PBXGroup section */

/* Begin PBXNativeTarget section */
		588403632B4B6C3926E8F71B /* ShortDramaTests */ = {
			isa = PBXNativeTarget;
			buildConfigurationList = 4C24FF246FEE09D449188A8C /* Build configuration list for PBXNativeTarget "ShortDramaTests" */;
			buildPhases = (
				EB87EE7D6FF06E0ACFF2E578 /* Sources */,
			);
			buildRules = (
			);
			dependencies = (
				2694727F840E31ECD7A6A7B9 /* PBXTargetDependency */,
			);
			name = ShortDramaTests;
			packageProductDependencies = (
			);
			productName = ShortDramaTests;
			productReference = 6C6E88F39AD1FFDEE65B0EBC /* ShortDramaTests.xctest */;
			productType = "com.apple.product-type.bundle.unit-test";
		};
		DBB0BAE3E16A070F2C875D05 /* ShortDrama */ = {
			isa = PBXNativeTarget;
			buildConfigurationList = 06170503FD85624D24B0EB24 /* Build configuration list for PBXNativeTarget "ShortDrama" */;
			buildPhases = (
				F97AA9B5018A007F85BF35BC /* SwiftLint */,
				CE62C9AE155F3F92450F2DA4 /* Sources */,
			);
			buildRules = (
			);
			dependencies = (
			);
			name = ShortDrama;
			packageProductDependencies = (
			);
			productName = ShortDrama;
			productReference = 69E919CA09B73F78C8960EE8 /* ShortDrama.app */;
			productType = "com.apple.product-type.application";
		};
/* End PBXNativeTarget section */

/* Begin PBXProject section */
		8763F18CA00138849DFFDB70 /* Project object */ = {
			isa = PBXProject;
			attributes = {
				BuildIndependentTargetsInParallel = YES;
				LastUpgradeCheck = 2700;
				TargetAttributes = {
				};
			};
			buildConfigurationList = DBA0ABD903D52BE34D28E3BA /* Build configuration list for PBXProject "ShortDrama" */;
			developmentRegion = en;
			hasScannedForEncodings = 0;
			knownRegions = (
				Base,
				en,
			);
			mainGroup = 4C15D1B5DD1502F7446C0CBA;
			minimizedProjectReferenceProxies = 1;
			preferredProjectObjectVersion = 77;
			productRefGroup = 39CF7E67EDF64CC7743714DD /* Products */;
			projectDirPath = "";
			projectRoot = "";
			targets = (
				DBB0BAE3E16A070F2C875D05 /* ShortDrama */,
				588403632B4B6C3926E8F71B /* ShortDramaTests */,
			);
		};
/* End PBXProject section */

/* Begin PBXShellScriptBuildPhase section */
		F97AA9B5018A007F85BF35BC /* SwiftLint */ = {
			isa = PBXShellScriptBuildPhase;
			alwaysOutOfDate = 1;
			buildActionMask = 2147483647;
			files = (
			);
			inputFileListPaths = (
			);
			inputPaths = (
			);
			name = SwiftLint;
			outputFileListPaths = (
			);
			outputPaths = (
			);
			runOnlyForDeploymentPostprocessing = 0;
			shellPath = /bin/sh;
			shellScript = "if which swiftlint > /dev/null; then\n  swiftlint\nfi\n";
		};
/* End PBXShellScriptBuildPhase section */

/* Begin PBXSourcesBuildPhase section */
		CE62C9AE155F3F92450F2DA4 /* Sources */ = {
			isa = PBXSourcesBuildPhase;
			buildActionMask = 2147483647;
			files = (
				F59AF7EE30E29EE19A666F68 /* APIClient.swift in Sources */,
				2FB8C53A67DDCCD6D04AE532 /* APIEndpoint.swift in Sources */,
				59376C417E446F16B0C2008E /* APIError.swift in Sources */,
				4E530F12F0F3FF51045F2F2F /* AppConfig.swift in Sources */,
				74E008F605B186B2856519D3 /* AppRoute.swift in Sources */,
				C11AB0FFC7138C79655BCD92 /* AppShellView.swift in Sources */,
				280C646A6E918DDFA8FE0776 /* AppTab.swift in Sources */,
				1386998872F92498026B96F5 /* DeeplinkHandler.swift in Sources */,
				DAA8434FC938F0F056FBF6B5 /* DesignTokens.swift in Sources */,
				C9D529DE60A98B54BCFD58D9 /* Drama.swift in Sources */,
				088AB23648F38FD150DEAEA1 /* DramaDTO.swift in Sources */,
				5B1F6F45184D121D9A1A8D5B /* DramaDetailView.swift in Sources */,
				73EBC807E799F4FB7A57B190 /* DramaDetailViewModel.swift in Sources */,
				EBEFFEA53CF2388CF4022DA6 /* DramaRemoteDataSource.swift in Sources */,
				30BEA8E6E0D057F4E6EDB377 /* DramaRepository.swift in Sources */,
				E1021F87084241EA484BF95D /* DramaRepositoryProtocol.swift in Sources */,
				DBFC3DC0D42F0ED3D550080F /* Episode.swift in Sources */,
				ED770A3C641A77368B04BEFE /* EpisodeDTO.swift in Sources */,
				C2DB1B7DE18D9DC95B687F6A /* EpisodePickerSheet.swift in Sources */,
				C3FE037C111A8767F7DAA74E /* EpisodeRepositoryProtocol.swift in Sources */,
				66508D63930295B8F913DC14 /* FetchDramaEpisodesUseCase.swift in Sources */,
				265775812D9932F0FAA068DF /* FetchDramasUseCase.swift in Sources */,
				78C46F17F23E2177AC8F194F /* FetchPlayerProgressUseCase.swift in Sources */,
				2A24E11176FCE195EDECA362 /* HomeView.swift in Sources */,
				F93C5646B05EC138D538FAC0 /* HomeViewModel.swift in Sources */,
				6F47D529CB0B5BDFC719ABCF /* NativeVideoPlayerView.swift in Sources */,
				98CB956FB1AAE21B4B131EA2 /* NavigationRouter.swift in Sources */,
				9A633E174DD7DC459906A782 /* PaginationDTO.swift in Sources */,
				60552E91BC578FB7E4E4DC86 /* PlaceholderTabView.swift in Sources */,
				6754898016541453D522586B /* PlaybackSessionStore.swift in Sources */,
				1218649228DD41CE960AF15A /* PlayerBottomInfoView.swift in Sources */,
				05E429A57D81DC6144DBE868 /* PlayerDTOs.swift in Sources */,
				078BE83F5C78C16F8DFE8EFA /* PlayerEpisodeDock.swift in Sources */,
				E5DC330FB51730C1FF9DA20E /* PlayerModels.swift in Sources */,
				1396032543A28010DEDF04DE /* PlayerRemoteDataSource.swift in Sources */,
				6F4AB6EB6299678EFE5D4C66 /* PlayerRepository.swift in Sources */,
				90DA3035BE0CFA92F9A33279 /* PlayerRepositoryProtocol.swift in Sources */,
				BCDB3F0A17EDF218936BC860 /* PlayerRightActionBar.swift in Sources */,
				BB4A1BA1D24B9242544EA13B /* PlayerStatusView.swift in Sources */,
				70D1FFE908AD1BA056B6F814 /* PlayerTopBar.swift in Sources */,
				DD8861D600FAEF2B4FC15517 /* PlayerView.swift in Sources */,
				76021A1EDB45B1EBE4549A8F /* PlayerViewModel.swift in Sources */,
				9B45981185002F898B300701 /* ShortDramaApp.swift in Sources */,
				BA05C8D4DB4E008DE0441203 /* StartPlaybackUseCase.swift in Sources */,
				43F8536F332883D4B48B942C /* StopPlaybackUseCase.swift in Sources */,
				64169BD1EFED18568B4D63B7 /* TabNavigationHostView.swift in Sources */,
				DCC5C8ED1DD088EBDE626991 /* View+Extensions.swift in Sources */,
			);
			runOnlyForDeploymentPostprocessing = 0;
		};
		EB87EE7D6FF06E0ACFF2E578 /* Sources */ = {
			isa = PBXSourcesBuildPhase;
			buildActionMask = 2147483647;
			files = (
				C49C77FECC1D134E882A052C /* APIClientTests.swift in Sources */,
				574D1F5888F3D2C0135998FF /* APIErrorTests.swift in Sources */,
				E4A058157EEBE77D2B369954 /* AppConfigTests.swift in Sources */,
				65B1E1EA85746FD2A628C05E /* DTOMappingTests.swift in Sources */,
				DA1594B0D8C064DADCE31CED /* DeeplinkHandlerTests.swift in Sources */,
				925AA6C5ED397E5BB9BAA9C1 /* DramaDTOTests.swift in Sources */,
				BB2CF7CFF63FEBE8ABBB43AF /* DramaRepositoryTests.swift in Sources */,
				50CF4B0EA8AC1A08E204BD16 /* HomeViewModelTests.swift in Sources */,
				464D9AA51F0DEE2D53809E78 /* MockDramaRepository.swift in Sources */,
				AA140834ED6F9D49EA0CA47C /* MockPlaybackSessionStore.swift in Sources */,
				C110B862AE52BDFCC69D1FF4 /* MockPlayerRepository.swift in Sources */,
				86B4C1F4C8D25BACE4C6C1E0 /* NavigationRouterTests.swift in Sources */,
				B23806F0D5161FF83512BE6D /* PlaybackSessionStoreTests.swift in Sources */,
				4F92ABAD603640FAD1E94292 /* PlayerRemoteDataSourceTests.swift in Sources */,
				7E1CFE3168212B28670853B3 /* PlayerRepositoryTests.swift in Sources */,
				5C3E76FBBFF219B6F11DDFF9 /* PlayerViewModelTests.swift in Sources */,
				E2DDE85DE310252C90AA91FE /* URLProtocolMock.swift in Sources */,
			);
			runOnlyForDeploymentPostprocessing = 0;
		};
/* End PBXSourcesBuildPhase section */

/* Begin PBXTargetDependency section */
		2694727F840E31ECD7A6A7B9 /* PBXTargetDependency */ = {
			isa = PBXTargetDependency;
			target = DBB0BAE3E16A070F2C875D05 /* ShortDrama */;
			targetProxy = 16E4B141BFB612C60B3758D4 /* PBXContainerItemProxy */;
		};
/* End PBXTargetDependency section */

/* Begin XCBuildConfiguration section */
		00597A13D21E08B94F2F1FE0 /* Debug */ = {
			isa = XCBuildConfiguration;
			buildSettings = {
				BUNDLE_LOADER = "$(TEST_HOST)";
				GENERATE_INFOPLIST_FILE = YES;
				LD_RUNPATH_SEARCH_PATHS = (
					"$(inherited)",
					"@executable_path/Frameworks",
					"@loader_path/Frameworks",
				);
				PRODUCT_BUNDLE_IDENTIFIER = com.djs66256.ShortDramaTests;
				SDKROOT = iphoneos;
				TARGETED_DEVICE_FAMILY = "1,2";
				TEST_HOST = "$(BUILT_PRODUCTS_DIR)/ShortDrama.app/ShortDrama";
			};
			name = Debug;
		};
		0CE1A6C5EE90653D70A27DF4 /* Release */ = {
			isa = XCBuildConfiguration;
			buildSettings = {
				BUNDLE_LOADER = "$(TEST_HOST)";
				GENERATE_INFOPLIST_FILE = YES;
				LD_RUNPATH_SEARCH_PATHS = (
					"$(inherited)",
					"@executable_path/Frameworks",
					"@loader_path/Frameworks",
				);
				PRODUCT_BUNDLE_IDENTIFIER = com.djs66256.ShortDramaTests;
				SDKROOT = iphoneos;
				TARGETED_DEVICE_FAMILY = "1,2";
				TEST_HOST = "$(BUILT_PRODUCTS_DIR)/ShortDrama.app/ShortDrama";
			};
			name = Release;
		};
		7A51A585311861F15462C2C5 /* Debug */ = {
			isa = XCBuildConfiguration;
			buildSettings = {
				ASSETCATALOG_COMPILER_APPICON_NAME = AppIcon;
				CODE_SIGN_IDENTITY = "iPhone Developer";
				CURRENT_PROJECT_VERSION = 1;
				ENABLE_USER_SCRIPT_SANDBOXING = NO;
				GENERATE_INFOPLIST_FILE = NO;
				INFOPLIST_FILE = ShortDrama/Resources/Info.plist;
				LD_RUNPATH_SEARCH_PATHS = (
					"$(inherited)",
					"@executable_path/Frameworks",
				);
				MARKETING_VERSION = 0.1.0;
				PRODUCT_BUNDLE_IDENTIFIER = com.djs66256.short_drama;
				SDKROOT = iphoneos;
				TARGETED_DEVICE_FAMILY = "1,2";
			};
			name = Debug;
		};
		ABEFA0B5C97821DAB09FEE8B /* Debug */ = {
			isa = XCBuildConfiguration;
			buildSettings = {
				ALWAYS_SEARCH_USER_PATHS = NO;
				CLANG_ANALYZER_NONNULL = YES;
				CLANG_ANALYZER_NUMBER_OBJECT_CONVERSION = YES_AGGRESSIVE;
				CLANG_CXX_LANGUAGE_STANDARD = "gnu++14";
				CLANG_CXX_LIBRARY = "libc++";
				CLANG_ENABLE_MODULES = YES;
				CLANG_ENABLE_OBJC_ARC = YES;
				CLANG_ENABLE_OBJC_WEAK = YES;
				CLANG_WARN_BLOCK_CAPTURE_AUTORELEASING = YES;
				CLANG_WARN_BOOL_CONVERSION = YES;
				CLANG_WARN_COMMA = YES;
				CLANG_WARN_CONSTANT_CONVERSION = YES;
				CLANG_WARN_DEPRECATED_OBJC_IMPLEMENTATIONS = YES;
				CLANG_WARN_DIRECT_OBJC_ISA_USAGE = YES_ERROR;
				CLANG_WARN_DOCUMENTATION_COMMENTS = YES;
				CLANG_WARN_EMPTY_BODY = YES;
				CLANG_WARN_ENUM_CONVERSION = YES;
				CLANG_WARN_INFINITE_RECURSION = YES;
				CLANG_WARN_INT_CONVERSION = YES;
				CLANG_WARN_NON_LITERAL_NULL_CONVERSION = YES;
				CLANG_WARN_OBJC_IMPLICIT_RETAIN_SELF = YES;
				CLANG_WARN_OBJC_LITERAL_CONVERSION = YES;
				CLANG_WARN_OBJC_ROOT_CLASS = YES_ERROR;
				CLANG_WARN_QUOTED_INCLUDE_IN_FRAMEWORK_HEADER = YES;
				CLANG_WARN_RANGE_LOOP_ANALYSIS = YES;
				CLANG_WARN_STRICT_PROTOTYPES = YES;
				CLANG_WARN_SUSPICIOUS_MOVE = YES;
				CLANG_WARN_UNGUARDED_AVAILABILITY = YES_AGGRESSIVE;
				CLANG_WARN_UNREACHABLE_CODE = YES;
				CLANG_WARN__DUPLICATE_METHOD_MATCH = YES;
				COPY_PHASE_STRIP = NO;
				DEBUG_INFORMATION_FORMAT = dwarf;
				ENABLE_STRICT_OBJC_MSGSEND = YES;
				ENABLE_TESTABILITY = YES;
				GCC_C_LANGUAGE_STANDARD = gnu11;
				GCC_DYNAMIC_NO_PIC = NO;
				GCC_NO_COMMON_BLOCKS = YES;
				GCC_OPTIMIZATION_LEVEL = 0;
				GCC_PREPROCESSOR_DEFINITIONS = (
					"$(inherited)",
					"DEBUG=1",
				);
				GCC_WARN_64_TO_32_BIT_CONVERSION = YES;
				GCC_WARN_ABOUT_RETURN_TYPE = YES_ERROR;
				GCC_WARN_UNDECLARED_SELECTOR = YES;
				GCC_WARN_UNINITIALIZED_AUTOS = YES_AGGRESSIVE;
				GCC_WARN_UNUSED_FUNCTION = YES;
				GCC_WARN_UNUSED_VARIABLE = YES;
				INFOPLIST_FILE = ShortDrama/Resources/Info.plist;
				INFOPLIST_KEY_API_BASE_URL = "$(API_BASE_URL)";
				IPHONEOS_DEPLOYMENT_TARGET = 18.0;
				MTL_ENABLE_DEBUG_INFO = INCLUDE_SOURCE;
				MTL_FAST_MATH = YES;
				ONLY_ACTIVE_ARCH = YES;
				PRODUCT_NAME = "$(TARGET_NAME)";
				SDKROOT = iphoneos;
				SWIFT_ACTIVE_COMPILATION_CONDITIONS = DEBUG;
				SWIFT_OPTIMIZATION_LEVEL = "-Onone";
				SWIFT_VERSION = 6.0;
			};
			name = Debug;
		};
		D60F9C609AA67CD93E2B1F57 /* Release */ = {
			isa = XCBuildConfiguration;
			buildSettings = {
				ALWAYS_SEARCH_USER_PATHS = NO;
				CLANG_ANALYZER_NONNULL = YES;
				CLANG_ANALYZER_NUMBER_OBJECT_CONVERSION = YES_AGGRESSIVE;
				CLANG_CXX_LANGUAGE_STANDARD = "gnu++14";
				CLANG_CXX_LIBRARY = "libc++";
				CLANG_ENABLE_MODULES = YES;
				CLANG_ENABLE_OBJC_ARC = YES;
				CLANG_ENABLE_OBJC_WEAK = YES;
				CLANG_WARN_BLOCK_CAPTURE_AUTORELEASING = YES;
				CLANG_WARN_BOOL_CONVERSION = YES;
				CLANG_WARN_COMMA = YES;
				CLANG_WARN_CONSTANT_CONVERSION = YES;
				CLANG_WARN_DEPRECATED_OBJC_IMPLEMENTATIONS = YES;
				CLANG_WARN_DIRECT_OBJC_ISA_USAGE = YES_ERROR;
				CLANG_WARN_DOCUMENTATION_COMMENTS = YES;
				CLANG_WARN_EMPTY_BODY = YES;
				CLANG_WARN_ENUM_CONVERSION = YES;
				CLANG_WARN_INFINITE_RECURSION = YES;
				CLANG_WARN_INT_CONVERSION = YES;
				CLANG_WARN_NON_LITERAL_NULL_CONVERSION = YES;
				CLANG_WARN_OBJC_IMPLICIT_RETAIN_SELF = YES;
				CLANG_WARN_OBJC_LITERAL_CONVERSION = YES;
				CLANG_WARN_OBJC_ROOT_CLASS = YES_ERROR;
				CLANG_WARN_QUOTED_INCLUDE_IN_FRAMEWORK_HEADER = YES;
				CLANG_WARN_RANGE_LOOP_ANALYSIS = YES;
				CLANG_WARN_STRICT_PROTOTYPES = YES;
				CLANG_WARN_SUSPICIOUS_MOVE = YES;
				CLANG_WARN_UNGUARDED_AVAILABILITY = YES_AGGRESSIVE;
				CLANG_WARN_UNREACHABLE_CODE = YES;
				CLANG_WARN__DUPLICATE_METHOD_MATCH = YES;
				COPY_PHASE_STRIP = NO;
				DEBUG_INFORMATION_FORMAT = "dwarf-with-dsym";
				ENABLE_NS_ASSERTIONS = NO;
				ENABLE_STRICT_OBJC_MSGSEND = YES;
				GCC_C_LANGUAGE_STANDARD = gnu11;
				GCC_NO_COMMON_BLOCKS = YES;
				GCC_WARN_64_TO_32_BIT_CONVERSION = YES;
				GCC_WARN_ABOUT_RETURN_TYPE = YES_ERROR;
				GCC_WARN_UNDECLARED_SELECTOR = YES;
				GCC_WARN_UNINITIALIZED_AUTOS = YES_AGGRESSIVE;
				GCC_WARN_UNUSED_FUNCTION = YES;
				GCC_WARN_UNUSED_VARIABLE = YES;
				INFOPLIST_FILE = ShortDrama/Resources/Info.plist;
				INFOPLIST_KEY_API_BASE_URL = "$(API_BASE_URL)";
				IPHONEOS_DEPLOYMENT_TARGET = 18.0;
				MTL_ENABLE_DEBUG_INFO = NO;
				MTL_FAST_MATH = YES;
				PRODUCT_NAME = "$(TARGET_NAME)";
				SDKROOT = iphoneos;
				SWIFT_COMPILATION_MODE = wholemodule;
				SWIFT_OPTIMIZATION_LEVEL = "-O";
				SWIFT_VERSION = 6.0;
			};
			name = Release;
		};
		E6BA80CA3558FAE06FFF9188 /* Release */ = {
			isa = XCBuildConfiguration;
			buildSettings = {
				ASSETCATALOG_COMPILER_APPICON_NAME = AppIcon;
				CODE_SIGN_IDENTITY = "iPhone Developer";
				CURRENT_PROJECT_VERSION = 1;
				ENABLE_USER_SCRIPT_SANDBOXING = NO;
				GENERATE_INFOPLIST_FILE = NO;
				INFOPLIST_FILE = ShortDrama/Resources/Info.plist;
				LD_RUNPATH_SEARCH_PATHS = (
					"$(inherited)",
					"@executable_path/Frameworks",
				);
				MARKETING_VERSION = 0.1.0;
				PRODUCT_BUNDLE_IDENTIFIER = com.djs66256.short_drama;
				SDKROOT = iphoneos;
				TARGETED_DEVICE_FAMILY = "1,2";
			};
			name = Release;
		};
/* End XCBuildConfiguration section */

/* Begin XCConfigurationList section */
		06170503FD85624D24B0EB24 /* Build configuration list for PBXNativeTarget "ShortDrama" */ = {
			isa = XCConfigurationList;
			buildConfigurations = (
				7A51A585311861F15462C2C5 /* Debug */,
				E6BA80CA3558FAE06FFF9188 /* Release */,
			);
			defaultConfigurationIsVisible = 0;
			defaultConfigurationName = Debug;
		};
		4C24FF246FEE09D449188A8C /* Build configuration list for PBXNativeTarget "ShortDramaTests" */ = {
			isa = XCConfigurationList;
			buildConfigurations = (
				00597A13D21E08B94F2F1FE0 /* Debug */,
				0CE1A6C5EE90653D70A27DF4 /* Release */,
			);
			defaultConfigurationIsVisible = 0;
			defaultConfigurationName = Debug;
		};
		DBA0ABD903D52BE34D28E3BA /* Build configuration list for PBXProject "ShortDrama" */ = {
			isa = XCConfigurationList;
			buildConfigurations = (
				ABEFA0B5C97821DAB09FEE8B /* Debug */,
				D60F9C609AA67CD93E2B1F57 /* Release */,
			);
			defaultConfigurationIsVisible = 0;
			defaultConfigurationName = Debug;
		};
/* End XCConfigurationList section */
	};
	rootObject = 8763F18CA00138849DFFDB70 /* Project object */;
}
